
Microsoft Visual Studio Solution File, Format Version 11.00
# Visual Studio 2010
Project("{FAE04EC0-301F-11D3-BF4B-00C04F79EFBC}") = "Vela.RM.Core", "Vela.VirtualEhr\Vela.RM.Core\Vela.RM.Core.csproj", "{5B5BA21C-223B-409F-8291-87368BD5E5E6}"
EndProject
Project("{FAE04EC0-301F-11D3-BF4B-00C04F79EFBC}") = "Vela.RM.Core.UnitTests", "Vela.VirtualEhr\Vela.RM.Core.UnitTests\Vela.RM.Core.UnitTests.csproj", "{598A6D14-BCAB-49FC-A84F-DC33A9B76444}"
EndProject
Project("{2150E333-8FDC-42A3-9474-1A3956D46DE8}") = "RM", "RM", "{E345C677-6D0F-4197-953A-A12AB1FFC48E}"
EndProject
Project("{2150E333-8FDC-42A3-9474-1A3956D46DE8}") = "RM", "RM", "{25CC6679-901C-4A9D-85E1-C24B5E19C3FE}"
EndProject
Project("{2150E333-8FDC-42A3-9474-1A3956D46DE8}") = "AM", "AM", "{72D58911-A87D-481B-9549-75303C18F6EC}"
EndProject
Project("{FAE04EC0-301F-11D3-BF4B-00C04F79EFBC}") = "Vela.AM.Aom", "Vela.VirtualEhr\Vela.AM.Aom\Vela.AM.Aom.csproj", "{34D0DBA3-314F-4633-8AC6-0F0E0068E1DD}"
EndProject
Project("{2150E333-8FDC-42A3-9474-1A3956D46DE8}") = "AM", "AM", "{A6D753CF-5679-4EF2-A8F4-6B17E66EBC5B}"
EndProject
Project("{FAE04EC0-301F-11D3-BF4B-00C04F79EFBC}") = "Vela.AM.Aom.UnitTests", "Vela.VirtualEhr\Vela.AM.Aom.UnitTests\Vela.AM.Aom.UnitTests.csproj", "{E7CD4618-0295-4FCA-AC60-96F6B23741CF}"
EndProject
Project("{FAE04EC0-301F-11D3-BF4B-00C04F79EFBC}") = "Vela.AM.Adl.UnitTests", "Vela.VirtualEhr\Vela.AM.Adl.UnitTests\Vela.AM.Adl.UnitTests.csproj", "{40A5B6E0-A3A3-4AB5-80D9-8E3D79E2E9A3}"
EndProject
Project("{FAE04EC0-301F-11D3-BF4B-00C04F79EFBC}") = "Vela.AM.Ap", "Vela.VirtualEhr\Vela.AM.Ap\Vela.AM.Ap.csproj", "{68A113B0-B977-4259-BC47-5FADBBFC698C}"
EndProject
Project("{FAE04EC0-301F-11D3-BF4B-00C04F79EFBC}") = "Vela.AM.Ap.UnitTests", "Vela.VirtualEhr\Vela.AM.Ap.UnitTests\Vela.AM.Ap.UnitTests.csproj", "{B9F18899-9F6E-4844-B37E-E7D7874B02A3}"
EndProject
Project("{2150E333-8FDC-42A3-9474-1A3956D46DE8}") = "SM", "SM", "{1F258412-0FFD-4336-84CF-34B057DA58E6}"
EndProject
Project("{FAE04EC0-301F-11D3-BF4B-00C04F79EFBC}") = "Vela.SM.EhrService", "Vela.VirtualEhr\Vela.SM.EhrService\Vela.SM.EhrService.csproj", "{5B0DA366-0659-4C61-9C80-8E7A5F0667A6}"
EndProject
Project("{FAE04EC0-301F-11D3-BF4B-00C04F79EFBC}") = "Vela.SM.ArchetypeService", "Vela.VirtualEhr\Vela.SM.ArchetypeService\Vela.SM.ArchetypeService.csproj", "{410ADA43-BC90-4A11-BB9C-B9EB80707516}"
EndProject
Project("{FAE04EC0-301F-11D3-BF4B-00C04F79EFBC}") = "Vela.SM.VirtualEhr", "Vela.VirtualEhr\Vela.SM.VirtualEhr\Vela.SM.VirtualEhr.csproj", "{451FEDE1-2C8A-4503-8F72-8BD793069D9F}"
EndProject
Project("{2150E333-8FDC-42A3-9474-1A3956D46DE8}") = "SM", "SM", "{8F8EAA8F-A19E-4027-AEBB-CFF52872A78D}"
EndProject
Project("{FAE04EC0-301F-11D3-BF4B-00C04F79EFBC}") = "Vela.SM.ArchetypeService.UnitTests", "Vela.VirtualEhr\Vela.SM.ArchetypeService.UnitTests\Vela.SM.ArchetypeService.UnitTests.csproj", "{C130A273-D177-444F-AC0C-13E5E88EC38F}"
EndProject
Project("{FAE04EC0-301F-11D3-BF4B-00C04F79EFBC}") = "Vela.SM.EhrService.UnitTests", "Vela.VirtualEhr\Vela.SM.EhrService.UnitTests\Vela.SM.EhrService.UnitTests.csproj", "{07475175-F2F3-4AF5-B85D-AB0D53F77D27}"
EndProject
Project("{FAE04EC0-301F-11D3-BF4B-00C04F79EFBC}") = "Vela.SM.VirtualEhr.UnitTests", "Vela.VirtualEhr\Vela.SM.VirtualEhr.UnitTests\Vela.SM.VirtualEhr.UnitTests.csproj", "{7F0785C6-0292-4B31-A260-E3B582ECC3CD}"
EndProject
Project("{2150E333-8FDC-42A3-9474-1A3956D46DE8}") = "UnitTests", "UnitTests", "{DC1A0CC1-F565-4FED-A225-3A10140F8804}"
EndProject
Project("{FAE04EC0-301F-11D3-BF4B-00C04F79EFBC}") = "Vela.AM.Adl", "Vela.VirtualEhr\Vela.AM.Adl\Vela.AM.Adl.csproj", "{CBA0E56D-09A5-4648-A11A-99055C7C5A79}"
EndProject
Project("{FAE04EC0-301F-11D3-BF4B-00C04F79EFBC}") = "Vela.RM.Domain", "Vela.VirtualEhr\Vela.RM.Domain\Vela.RM.Domain.csproj", "{9F37E593-56B9-48A1-AEA2-AC837F7567F9}"
EndProject
Project("{FAE04EC0-301F-11D3-BF4B-00C04F79EFBC}") = "Vela.RM.Domain.UnitTests", "Vela.VirtualEhr\Vela.RM.Domain.UnitTests\Vela.RM.Domain.UnitTests.csproj", "{29D61371-3CC7-49FD-AB19-30423AECFECD}"
EndProject
Project("{FAE04EC0-301F-11D3-BF4B-00C04F79EFBC}") = "Vela.Common", "Vela.VirtualEhr\Vela.Common\Vela.Common.csproj", "{D03FD7DB-3886-4D57-A01D-2F01C6CFE02C}"
EndProject
Project("{FAE04EC0-301F-11D3-BF4B-00C04F79EFBC}") = "Vela.Common.UnitTests", "Vela.VirtualEhr\Vela.Common.UnitTests\Vela.Common.UnitTests.csproj", "{D960283C-5D48-4899-BDED-067B22B64993}"
EndProject
Project("{FAE04EC0-301F-11D3-BF4B-00C04F79EFBC}") = "Vela.AM.Templates", "Vela.VirtualEhr\Vela.AM.Templates\Vela.AM.Templates.csproj", "{3D38CC35-9F68-49C0-BA9A-8C7ACB104A1A}"
EndProject
Project("{FAE04EC0-301F-11D3-BF4B-00C04F79EFBC}") = "Vela.AM.Templates.UnitTests", "Vela.VirtualEhr\Vela.AM.Templates.UnitTests\Vela.AM.Templates.UnitTests.csproj", "{1DCF7234-B0FF-4FA9-8072-3E9D0534AC6F}"
EndProject
Global
	GlobalSection(SolutionConfigurationPlatforms) = preSolution
		Debug|Any CPU = Debug|Any CPU
		Debug|Mixed Platforms = Debug|Mixed Platforms
		Debug|x86 = Debug|x86
		Release|Any CPU = Release|Any CPU
		Release|Mixed Platforms = Release|Mixed Platforms
		Release|x86 = Release|x86
	EndGlobalSection
	GlobalSection(ProjectConfigurationPlatforms) = postSolution
		{5B5BA21C-223B-409F-8291-87368BD5E5E6}.Debug|Any CPU.ActiveCfg = Debug|Any CPU
		{5B5BA21C-223B-409F-8291-87368BD5E5E6}.Debug|Any CPU.Build.0 = Debug|Any CPU
		{5B5BA21C-223B-409F-8291-87368BD5E5E6}.Debug|Mixed Platforms.ActiveCfg = Debug|Any CPU
		{5B5BA21C-223B-409F-8291-87368BD5E5E6}.Debug|Mixed Platforms.Build.0 = Debug|Any CPU
		{5B5BA21C-223B-409F-8291-87368BD5E5E6}.Debug|x86.ActiveCfg = Debug|Any CPU
		{5B5BA21C-223B-409F-8291-87368BD5E5E6}.Release|Any CPU.ActiveCfg = Release|Any CPU
		{5B5BA21C-223B-409F-8291-87368BD5E5E6}.Release|Any CPU.Build.0 = Release|Any CPU
		{5B5BA21C-223B-409F-8291-87368BD5E5E6}.Release|Mixed Platforms.ActiveCfg = Release|Any CPU
		{5B5BA21C-223B-409F-8291-87368BD5E5E6}.Release|Mixed Platforms.Build.0 = Release|Any CPU
		{5B5BA21C-223B-409F-8291-87368BD5E5E6}.Release|x86.ActiveCfg = Release|Any CPU
		{598A6D14-BCAB-49FC-A84F-DC33A9B76444}.Debug|Any CPU.ActiveCfg = Debug|Any CPU
		{598A6D14-BCAB-49FC-A84F-DC33A9B76444}.Debug|Any CPU.Build.0 = Debug|Any CPU
		{598A6D14-BCAB-49FC-A84F-DC33A9B76444}.Debug|Mixed Platforms.ActiveCfg = Debug|Any CPU
		{598A6D14-BCAB-49FC-A84F-DC33A9B76444}.Debug|Mixed Platforms.Build.0 = Debug|Any CPU
		{598A6D14-BCAB-49FC-A84F-DC33A9B76444}.Debug|x86.ActiveCfg = Debug|Any CPU
		{598A6D14-BCAB-49FC-A84F-DC33A9B76444}.Release|Any CPU.ActiveCfg = Release|Any CPU
		{598A6D14-BCAB-49FC-A84F-DC33A9B76444}.Release|Any CPU.Build.0 = Release|Any CPU
		{598A6D14-BCAB-49FC-A84F-DC33A9B76444}.Release|Mixed Platforms.ActiveCfg = Release|Any CPU
		{598A6D14-BCAB-49FC-A84F-DC33A9B76444}.Release|Mixed Platforms.Build.0 = Release|Any CPU
		{598A6D14-BCAB-49FC-A84F-DC33A9B76444}.Release|x86.ActiveCfg = Release|Any CPU
		{34D0DBA3-314F-4633-8AC6-0F0E0068E1DD}.Debug|Any CPU.ActiveCfg = Debug|Any CPU
		{34D0DBA3-314F-4633-8AC6-0F0E0068E1DD}.Debug|Any CPU.Build.0 = Debug|Any CPU
		{34D0DBA3-314F-4633-8AC6-0F0E0068E1DD}.Debug|Mixed Platforms.ActiveCfg = Debug|Any CPU
		{34D0DBA3-314F-4633-8AC6-0F0E0068E1DD}.Debug|Mixed Platforms.Build.0 = Debug|Any CPU
		{34D0DBA3-314F-4633-8AC6-0F0E0068E1DD}.Debug|x86.ActiveCfg = Debug|Any CPU
		{34D0DBA3-314F-4633-8AC6-0F0E0068E1DD}.Release|Any CPU.ActiveCfg = Release|Any CPU
		{34D0DBA3-314F-4633-8AC6-0F0E0068E1DD}.Release|Any CPU.Build.0 = Release|Any CPU
		{34D0DBA3-314F-4633-8AC6-0F0E0068E1DD}.Release|Mixed Platforms.ActiveCfg = Release|Any CPU
		{34D0DBA3-314F-4633-8AC6-0F0E0068E1DD}.Release|Mixed Platforms.Build.0 = Release|Any CPU
		{34D0DBA3-314F-4633-8AC6-0F0E0068E1DD}.Release|x86.ActiveCfg = Release|Any CPU
		{E7CD4618-0295-4FCA-AC60-96F6B23741CF}.Debug|Any CPU.ActiveCfg = Debug|Any CPU
		{E7CD4618-0295-4FCA-AC60-96F6B23741CF}.Debug|Any CPU.Build.0 = Debug|Any CPU
		{E7CD4618-0295-4FCA-AC60-96F6B23741CF}.Debug|Mixed Platforms.ActiveCfg = Debug|Any CPU
		{E7CD4618-0295-4FCA-AC60-96F6B23741CF}.Debug|Mixed Platforms.Build.0 = Debug|Any CPU
		{E7CD4618-0295-4FCA-AC60-96F6B23741CF}.Debug|x86.ActiveCfg = Debug|Any CPU
		{E7CD4618-0295-4FCA-AC60-96F6B23741CF}.Release|Any CPU.ActiveCfg = Release|Any CPU
		{E7CD4618-0295-4FCA-AC60-96F6B23741CF}.Release|Any CPU.Build.0 = Release|Any CPU
		{E7CD4618-0295-4FCA-AC60-96F6B23741CF}.Release|Mixed Platforms.ActiveCfg = Release|Any CPU
		{E7CD4618-0295-4FCA-AC60-96F6B23741CF}.Release|Mixed Platforms.Build.0 = Release|Any CPU
		{E7CD4618-0295-4FCA-AC60-96F6B23741CF}.Release|x86.ActiveCfg = Release|Any CPU
		{40A5B6E0-A3A3-4AB5-80D9-8E3D79E2E9A3}.Debug|Any CPU.ActiveCfg = Debug|Any CPU
		{40A5B6E0-A3A3-4AB5-80D9-8E3D79E2E9A3}.Debug|Any CPU.Build.0 = Debug|Any CPU
		{40A5B6E0-A3A3-4AB5-80D9-8E3D79E2E9A3}.Debug|Mixed Platforms.ActiveCfg = Debug|Any CPU
		{40A5B6E0-A3A3-4AB5-80D9-8E3D79E2E9A3}.Debug|Mixed Platforms.Build.0 = Debug|Any CPU
		{40A5B6E0-A3A3-4AB5-80D9-8E3D79E2E9A3}.Debug|x86.ActiveCfg = Debug|Any CPU
		{40A5B6E0-A3A3-4AB5-80D9-8E3D79E2E9A3}.Release|Any CPU.ActiveCfg = Release|Any CPU
		{40A5B6E0-A3A3-4AB5-80D9-8E3D79E2E9A3}.Release|Any CPU.Build.0 = Release|Any CPU
		{40A5B6E0-A3A3-4AB5-80D9-8E3D79E2E9A3}.Release|Mixed Platforms.ActiveCfg = Release|Any CPU
		{40A5B6E0-A3A3-4AB5-80D9-8E3D79E2E9A3}.Release|Mixed Platforms.Build.0 = Release|Any CPU
		{40A5B6E0-A3A3-4AB5-80D9-8E3D79E2E9A3}.Release|x86.ActiveCfg = Release|Any CPU
		{68A113B0-B977-4259-BC47-5FADBBFC698C}.Debug|Any CPU.ActiveCfg = Debug|Any CPU
		{68A113B0-B977-4259-BC47-5FADBBFC698C}.Debug|Any CPU.Build.0 = Debug|Any CPU
		{68A113B0-B977-4259-BC47-5FADBBFC698C}.Debug|Mixed Platforms.ActiveCfg = Debug|Any CPU
		{68A113B0-B977-4259-BC47-5FADBBFC698C}.Debug|Mixed Platforms.Build.0 = Debug|Any CPU
		{68A113B0-B977-4259-BC47-5FADBBFC698C}.Debug|x86.ActiveCfg = Debug|Any CPU
		{68A113B0-B977-4259-BC47-5FADBBFC698C}.Release|Any CPU.ActiveCfg = Release|Any CPU
		{68A113B0-B977-4259-BC47-5FADBBFC698C}.Release|Any CPU.Build.0 = Release|Any CPU
		{68A113B0-B977-4259-BC47-5FADBBFC698C}.Release|Mixed Platforms.ActiveCfg = Release|Any CPU
		{68A113B0-B977-4259-BC47-5FADBBFC698C}.Release|Mixed Platforms.Build.0 = Release|Any CPU
		{68A113B0-B977-4259-BC47-5FADBBFC698C}.Release|x86.ActiveCfg = Release|Any CPU
		{B9F18899-9F6E-4844-B37E-E7D7874B02A3}.Debug|Any CPU.ActiveCfg = Debug|Any CPU
		{B9F18899-9F6E-4844-B37E-E7D7874B02A3}.Debug|Any CPU.Build.0 = Debug|Any CPU
		{B9F18899-9F6E-4844-B37E-E7D7874B02A3}.Debug|Mixed Platforms.ActiveCfg = Debug|Any CPU
		{B9F18899-9F6E-4844-B37E-E7D7874B02A3}.Debug|Mixed Platforms.Build.0 = Debug|Any CPU
		{B9F18899-9F6E-4844-B37E-E7D7874B02A3}.Debug|x86.ActiveCfg = Debug|Any CPU
		{B9F18899-9F6E-4844-B37E-E7D7874B02A3}.Release|Any CPU.ActiveCfg = Release|Any CPU
		{B9F18899-9F6E-4844-B37E-E7D7874B02A3}.Release|Any CPU.Build.0 = Release|Any CPU
		{B9F18899-9F6E-4844-B37E-E7D7874B02A3}.Release|Mixed Platforms.ActiveCfg = Release|Any CPU
		{B9F18899-9F6E-4844-B37E-E7D7874B02A3}.Release|Mixed Platforms.Build.0 = Release|Any CPU
		{B9F18899-9F6E-4844-B37E-E7D7874B02A3}.Release|x86.ActiveCfg = Release|Any CPU
		{5B0DA366-0659-4C61-9C80-8E7A5F0667A6}.Debug|Any CPU.ActiveCfg = Debug|Any CPU
		{5B0DA366-0659-4C61-9C80-8E7A5F0667A6}.Debug|Any CPU.Build.0 = Debug|Any CPU
		{5B0DA366-0659-4C61-9C80-8E7A5F0667A6}.Debug|Mixed Platforms.ActiveCfg = Debug|Any CPU
		{5B0DA366-0659-4C61-9C80-8E7A5F0667A6}.Debug|Mixed Platforms.Build.0 = Debug|Any CPU
		{5B0DA366-0659-4C61-9C80-8E7A5F0667A6}.Debug|x86.ActiveCfg = Debug|Any CPU
		{5B0DA366-0659-4C61-9C80-8E7A5F0667A6}.Release|Any CPU.ActiveCfg = Release|Any CPU
		{5B0DA366-0659-4C61-9C80-8E7A5F0667A6}.Release|Any CPU.Build.0 = Release|Any CPU
		{5B0DA366-0659-4C61-9C80-8E7A5F0667A6}.Release|Mixed Platforms.ActiveCfg = Release|Any CPU
		{5B0DA366-0659-4C61-9C80-8E7A5F0667A6}.Release|Mixed Platforms.Build.0 = Release|Any CPU
		{5B0DA366-0659-4C61-9C80-8E7A5F0667A6}.Release|x86.ActiveCfg = Release|Any CPU
		{410ADA43-BC90-4A11-BB9C-B9EB80707516}.Debug|Any CPU.ActiveCfg = Debug|Any CPU
		{410ADA43-BC90-4A11-BB9C-B9EB80707516}.Debug|Any CPU.Build.0 = Debug|Any CPU
		{410ADA43-BC90-4A11-BB9C-B9EB80707516}.Debug|Mixed Platforms.ActiveCfg = Debug|Any CPU
		{410ADA43-BC90-4A11-BB9C-B9EB80707516}.Debug|Mixed Platforms.Build.0 = Debug|Any CPU
		{410ADA43-BC90-4A11-BB9C-B9EB80707516}.Debug|x86.ActiveCfg = Debug|Any CPU
		{410ADA43-BC90-4A11-BB9C-B9EB80707516}.Release|Any CPU.ActiveCfg = Release|Any CPU
		{410ADA43-BC90-4A11-BB9C-B9EB80707516}.Release|Any CPU.Build.0 = Release|Any CPU
		{410ADA43-BC90-4A11-BB9C-B9EB80707516}.Release|Mixed Platforms.ActiveCfg = Release|Any CPU
		{410ADA43-BC90-4A11-BB9C-B9EB80707516}.Release|Mixed Platforms.Build.0 = Release|Any CPU
		{410ADA43-BC90-4A11-BB9C-B9EB80707516}.Release|x86.ActiveCfg = Release|Any CPU
		{451FEDE1-2C8A-4503-8F72-8BD793069D9F}.Debug|Any CPU.ActiveCfg = Debug|Any CPU
		{451FEDE1-2C8A-4503-8F72-8BD793069D9F}.Debug|Any CPU.Build.0 = Debug|Any CPU
		{451FEDE1-2C8A-4503-8F72-8BD793069D9F}.Debug|Mixed Platforms.ActiveCfg = Debug|Any CPU
		{451FEDE1-2C8A-4503-8F72-8BD793069D9F}.Debug|Mixed Platforms.Build.0 = Debug|Any CPU
		{451FEDE1-2C8A-4503-8F72-8BD793069D9F}.Debug|x86.ActiveCfg = Debug|Any CPU
		{451FEDE1-2C8A-4503-8F72-8BD793069D9F}.Release|Any CPU.ActiveCfg = Release|Any CPU
		{451FEDE1-2C8A-4503-8F72-8BD793069D9F}.Release|Any CPU.Build.0 = Release|Any CPU
		{451FEDE1-2C8A-4503-8F72-8BD793069D9F}.Release|Mixed Platforms.ActiveCfg = Release|Any CPU
		{451FEDE1-2C8A-4503-8F72-8BD793069D9F}.Release|Mixed Platforms.Build.0 = Release|Any CPU
		{451FEDE1-2C8A-4503-8F72-8BD793069D9F}.Release|x86.ActiveCfg = Release|Any CPU
		{C130A273-D177-444F-AC0C-13E5E88EC38F}.Debug|Any CPU.ActiveCfg = Debug|Any CPU
		{C130A273-D177-444F-AC0C-13E5E88EC38F}.Debug|Any CPU.Build.0 = Debug|Any CPU
		{C130A273-D177-444F-AC0C-13E5E88EC38F}.Debug|Mixed Platforms.ActiveCfg = Debug|Any CPU
		{C130A273-D177-444F-AC0C-13E5E88EC38F}.Debug|Mixed Platforms.Build.0 = Debug|Any CPU
		{C130A273-D177-444F-AC0C-13E5E88EC38F}.Debug|x86.ActiveCfg = Debug|Any CPU
		{C130A273-D177-444F-AC0C-13E5E88EC38F}.Release|Any CPU.ActiveCfg = Release|Any CPU
		{C130A273-D177-444F-AC0C-13E5E88EC38F}.Release|Any CPU.Build.0 = Release|Any CPU
		{C130A273-D177-444F-AC0C-13E5E88EC38F}.Release|Mixed Platforms.ActiveCfg = Release|Any CPU
		{C130A273-D177-444F-AC0C-13E5E88EC38F}.Release|Mixed Platforms.Build.0 = Release|Any CPU
		{C130A273-D177-444F-AC0C-13E5E88EC38F}.Release|x86.ActiveCfg = Release|Any CPU
		{07475175-F2F3-4AF5-B85D-AB0D53F77D27}.Debug|Any CPU.ActiveCfg = Debug|Any CPU
		{07475175-F2F3-4AF5-B85D-AB0D53F77D27}.Debug|Any CPU.Build.0 = Debug|Any CPU
		{07475175-F2F3-4AF5-B85D-AB0D53F77D27}.Debug|Mixed Platforms.ActiveCfg = Debug|Any CPU
		{07475175-F2F3-4AF5-B85D-AB0D53F77D27}.Debug|Mixed Platforms.Build.0 = Debug|Any CPU
		{07475175-F2F3-4AF5-B85D-AB0D53F77D27}.Debug|x86.ActiveCfg = Debug|Any CPU
		{07475175-F2F3-4AF5-B85D-AB0D53F77D27}.Release|Any CPU.ActiveCfg = Release|Any CPU
		{07475175-F2F3-4AF5-B85D-AB0D53F77D27}.Release|Any CPU.Build.0 = Release|Any CPU
		{07475175-F2F3-4AF5-B85D-AB0D53F77D27}.Release|Mixed Platforms.ActiveCfg = Release|Any CPU
		{07475175-F2F3-4AF5-B85D-AB0D53F77D27}.Release|Mixed Platforms.Build.0 = Release|Any CPU
		{07475175-F2F3-4AF5-B85D-AB0D53F77D27}.Release|x86.ActiveCfg = Release|Any CPU
		{7F0785C6-0292-4B31-A260-E3B582ECC3CD}.Debug|Any CPU.ActiveCfg = Debug|Any CPU
		{7F0785C6-0292-4B31-A260-E3B582ECC3CD}.Debug|Any CPU.Build.0 = Debug|Any CPU
		{7F0785C6-0292-4B31-A260-E3B582ECC3CD}.Debug|Mixed Platforms.ActiveCfg = Debug|Any CPU
		{7F0785C6-0292-4B31-A260-E3B582ECC3CD}.Debug|Mixed Platforms.Build.0 = Debug|Any CPU
		{7F0785C6-0292-4B31-A260-E3B582ECC3CD}.Debug|x86.ActiveCfg = Debug|Any CPU
		{7F0785C6-0292-4B31-A260-E3B582ECC3CD}.Release|Any CPU.ActiveCfg = Release|Any CPU
		{7F0785C6-0292-4B31-A260-E3B582ECC3CD}.Release|Any CPU.Build.0 = Release|Any CPU
		{7F0785C6-0292-4B31-A260-E3B582ECC3CD}.Release|Mixed Platforms.ActiveCfg = Release|Any CPU
		{7F0785C6-0292-4B31-A260-E3B582ECC3CD}.Release|Mixed Platforms.Build.0 = Release|Any CPU
		{7F0785C6-0292-4B31-A260-E3B582ECC3CD}.Release|x86.ActiveCfg = Release|Any CPU
		{CBA0E56D-09A5-4648-A11A-99055C7C5A79}.Debug|Any CPU.ActiveCfg = Debug|Any CPU
		{CBA0E56D-09A5-4648-A11A-99055C7C5A79}.Debug|Any CPU.Build.0 = Debug|Any CPU
		{CBA0E56D-09A5-4648-A11A-99055C7C5A79}.Debug|Mixed Platforms.ActiveCfg = Debug|Any CPU
		{CBA0E56D-09A5-4648-A11A-99055C7C5A79}.Debug|Mixed Platforms.Build.0 = Debug|Any CPU
		{CBA0E56D-09A5-4648-A11A-99055C7C5A79}.Debug|x86.ActiveCfg = Debug|Any CPU
		{CBA0E56D-09A5-4648-A11A-99055C7C5A79}.Release|Any CPU.ActiveCfg = Release|Any CPU
		{CBA0E56D-09A5-4648-A11A-99055C7C5A79}.Release|Any CPU.Build.0 = Release|Any CPU
		{CBA0E56D-09A5-4648-A11A-99055C7C5A79}.Release|Mixed Platforms.ActiveCfg = Release|Any CPU
		{CBA0E56D-09A5-4648-A11A-99055C7C5A79}.Release|Mixed Platforms.Build.0 = Release|Any CPU
		{CBA0E56D-09A5-4648-A11A-99055C7C5A79}.Release|x86.ActiveCfg = Release|Any CPU
		{9F37E593-56B9-48A1-AEA2-AC837F7567F9}.Debug|Any CPU.ActiveCfg = Debug|Any CPU
		{9F37E593-56B9-48A1-AEA2-AC837F7567F9}.Debug|Any CPU.Build.0 = Debug|Any CPU
		{9F37E593-56B9-48A1-AEA2-AC837F7567F9}.Debug|Mixed Platforms.ActiveCfg = Debug|Any CPU
		{9F37E593-56B9-48A1-AEA2-AC837F7567F9}.Debug|Mixed Platforms.Build.0 = Debug|Any CPU
		{9F37E593-56B9-48A1-AEA2-AC837F7567F9}.Debug|x86.ActiveCfg = Debug|Any CPU
		{9F37E593-56B9-48A1-AEA2-AC837F7567F9}.Release|Any CPU.ActiveCfg = Release|Any CPU
		{9F37E593-56B9-48A1-AEA2-AC837F7567F9}.Release|Any CPU.Build.0 = Release|Any CPU
		{9F37E593-56B9-48A1-AEA2-AC837F7567F9}.Release|Mixed Platforms.ActiveCfg = Release|Any CPU
		{9F37E593-56B9-48A1-AEA2-AC837F7567F9}.Release|Mixed Platforms.Build.0 = Release|Any CPU
		{9F37E593-56B9-48A1-AEA2-AC837F7567F9}.Release|x86.ActiveCfg = Release|Any CPU
		{29D61371-3CC7-49FD-AB19-30423AECFECD}.Debug|Any CPU.ActiveCfg = Debug|Any CPU
		{29D61371-3CC7-49FD-AB19-30423AECFECD}.Debug|Any CPU.Build.0 = Debug|Any CPU
		{29D61371-3CC7-49FD-AB19-30423AECFECD}.Debug|Mixed Platforms.ActiveCfg = Debug|Any CPU
		{29D61371-3CC7-49FD-AB19-30423AECFECD}.Debug|Mixed Platforms.Build.0 = Debug|Any CPU
		{29D61371-3CC7-49FD-AB19-30423AECFECD}.Debug|x86.ActiveCfg = Debug|Any CPU
		{29D61371-3CC7-49FD-AB19-30423AECFECD}.Release|Any CPU.ActiveCfg = Release|Any CPU
		{29D61371-3CC7-49FD-AB19-30423AECFECD}.Release|Any CPU.Build.0 = Release|Any CPU
		{29D61371-3CC7-49FD-AB19-30423AECFECD}.Release|Mixed Platforms.ActiveCfg = Release|Any CPU
		{29D61371-3CC7-49FD-AB19-30423AECFECD}.Release|Mixed Platforms.Build.0 = Release|Any CPU
		{29D61371-3CC7-49FD-AB19-30423AECFECD}.Release|x86.ActiveCfg = Release|Any CPU
		{D03FD7DB-3886-4D57-A01D-2F01C6CFE02C}.Debug|Any CPU.ActiveCfg = Debug|Any CPU
		{D03FD7DB-3886-4D57-A01D-2F01C6CFE02C}.Debug|Any CPU.Build.0 = Debug|Any CPU
		{D03FD7DB-3886-4D57-A01D-2F01C6CFE02C}.Debug|Mixed Platforms.ActiveCfg = Debug|Any CPU
		{D03FD7DB-3886-4D57-A01D-2F01C6CFE02C}.Debug|Mixed Platforms.Build.0 = Debug|Any CPU
		{D03FD7DB-3886-4D57-A01D-2F01C6CFE02C}.Debug|x86.ActiveCfg = Debug|Any CPU
		{D03FD7DB-3886-4D57-A01D-2F01C6CFE02C}.Release|Any CPU.ActiveCfg = Release|Any CPU
		{D03FD7DB-3886-4D57-A01D-2F01C6CFE02C}.Release|Any CPU.Build.0 = Release|Any CPU
		{D03FD7DB-3886-4D57-A01D-2F01C6CFE02C}.Release|Mixed Platforms.ActiveCfg = Release|Any CPU
		{D03FD7DB-3886-4D57-A01D-2F01C6CFE02C}.Release|Mixed Platforms.Build.0 = Release|Any CPU
		{D03FD7DB-3886-4D57-A01D-2F01C6CFE02C}.Release|x86.ActiveCfg = Release|Any CPU
		{D960283C-5D48-4899-BDED-067B22B64993}.Debug|Any CPU.ActiveCfg = Debug|Any CPU
		{D960283C-5D48-4899-BDED-067B22B64993}.Debug|Any CPU.Build.0 = Debug|Any CPU
		{D960283C-5D48-4899-BDED-067B22B64993}.Debug|Mixed Platforms.ActiveCfg = Debug|Any CPU
		{D960283C-5D48-4899-BDED-067B22B64993}.Debug|Mixed Platforms.Build.0 = Debug|Any CPU
		{D960283C-5D48-4899-BDED-067B22B64993}.Debug|x86.ActiveCfg = Debug|Any CPU
		{D960283C-5D48-4899-BDED-067B22B64993}.Release|Any CPU.ActiveCfg = Release|Any CPU
		{D960283C-5D48-4899-BDED-067B22B64993}.Release|Any CPU.Build.0 = Release|Any CPU
		{D960283C-5D48-4899-BDED-067B22B64993}.Release|Mixed Platforms.ActiveCfg = Release|Any CPU
		{D960283C-5D48-4899-BDED-067B22B64993}.Release|Mixed Platforms.Build.0 = Release|Any CPU
		{D960283C-5D48-4899-BDED-067B22B64993}.Release|x86.ActiveCfg = Release|Any CPU
		{3D38CC35-9F68-49C0-BA9A-8C7ACB104A1A}.Debug|Any CPU.ActiveCfg = Debug|Any CPU
		{3D38CC35-9F68-49C0-BA9A-8C7ACB104A1A}.Debug|Any CPU.Build.0 = Debug|Any CPU
		{3D38CC35-9F68-49C0-BA9A-8C7ACB104A1A}.Debug|Mixed Platforms.ActiveCfg = Debug|Any CPU
		{3D38CC35-9F68-49C0-BA9A-8C7ACB104A1A}.Debug|Mixed Platforms.Build.0 = Debug|Any CPU
		{3D38CC35-9F68-49C0-BA9A-8C7ACB104A1A}.Debug|x86.ActiveCfg = Debug|Any CPU
		{3D38CC35-9F68-49C0-BA9A-8C7ACB104A1A}.Release|Any CPU.ActiveCfg = Release|Any CPU
		{3D38CC35-9F68-49C0-BA9A-8C7ACB104A1A}.Release|Any CPU.Build.0 = Release|Any CPU
		{3D38CC35-9F68-49C0-BA9A-8C7ACB104A1A}.Release|Mixed Platforms.ActiveCfg = Release|Any CPU
		{3D38CC35-9F68-49C0-BA9A-8C7ACB104A1A}.Release|Mixed Platforms.Build.0 = Release|Any CPU
		{3D38CC35-9F68-49C0-BA9A-8C7ACB104A1A}.Release|x86.ActiveCfg = Release|Any CPU
		{1DCF7234-B0FF-4FA9-8072-3E9D0534AC6F}.Debug|Any CPU.ActiveCfg = Debug|Any CPU
		{1DCF7234-B0FF-4FA9-8072-3E9D0534AC6F}.Debug|Any CPU.Build.0 = Debug|Any CPU
		{1DCF7234-B0FF-4FA9-8072-3E9D0534AC6F}.Debug|Mixed Platforms.ActiveCfg = Debug|Any CPU
		{1DCF7234-B0FF-4FA9-8072-3E9D0534AC6F}.Debug|Mixed Platforms.Build.0 = Debug|Any CPU
		{1DCF7234-B0FF-4FA9-8072-3E9D0534AC6F}.Debug|x86.ActiveCfg = Debug|Any CPU
		{1DCF7234-B0FF-4FA9-8072-3E9D0534AC6F}.Release|Any CPU.ActiveCfg = Release|Any CPU
		{1DCF7234-B0FF-4FA9-8072-3E9D0534AC6F}.Release|Any CPU.Build.0 = Release|Any CPU
		{1DCF7234-B0FF-4FA9-8072-3E9D0534AC6F}.Release|Mixed Platforms.ActiveCfg = Release|Any CPU
		{1DCF7234-B0FF-4FA9-8072-3E9D0534AC6F}.Release|Mixed Platforms.Build.0 = Release|Any CPU
		{1DCF7234-B0FF-4FA9-8072-3E9D0534AC6F}.Release|x86.ActiveCfg = Release|Any CPU
	EndGlobalSection
	GlobalSection(SolutionProperties) = preSolution
		HideSolutionNode = FALSE
	EndGlobalSection
	GlobalSection(NestedProjects) = preSolution
		{5B5BA21C-223B-409F-8291-87368BD5E5E6} = {E345C677-6D0F-4197-953A-A12AB1FFC48E}
		{9F37E593-56B9-48A1-AEA2-AC837F7567F9} = {E345C677-6D0F-4197-953A-A12AB1FFC48E}
		{25CC6679-901C-4A9D-85E1-C24B5E19C3FE} = {DC1A0CC1-F565-4FED-A225-3A10140F8804}
		{A6D753CF-5679-4EF2-A8F4-6B17E66EBC5B} = {DC1A0CC1-F565-4FED-A225-3A10140F8804}
		{8F8EAA8F-A19E-4027-AEBB-CFF52872A78D} = {DC1A0CC1-F565-4FED-A225-3A10140F8804}
		{D960283C-5D48-4899-BDED-067B22B64993} = {DC1A0CC1-F565-4FED-A225-3A10140F8804}
		{598A6D14-BCAB-49FC-A84F-DC33A9B76444} = {25CC6679-901C-4A9D-85E1-C24B5E19C3FE}
		{29D61371-3CC7-49FD-AB19-30423AECFECD} = {25CC6679-901C-4A9D-85E1-C24B5E19C3FE}
		{34D0DBA3-314F-4633-8AC6-0F0E0068E1DD} = {72D58911-A87D-481B-9549-75303C18F6EC}
		{68A113B0-B977-4259-BC47-5FADBBFC698C} = {72D58911-A87D-481B-9549-75303C18F6EC}
		{CBA0E56D-09A5-4648-A11A-99055C7C5A79} = {72D58911-A87D-481B-9549-75303C18F6EC}
		{3D38CC35-9F68-49C0-BA9A-8C7ACB104A1A} = {72D58911-A87D-481B-9549-75303C18F6EC}
		{E7CD4618-0295-4FCA-AC60-96F6B23741CF} = {A6D753CF-5679-4EF2-A8F4-6B17E66EBC5B}
		{40A5B6E0-A3A3-4AB5-80D9-8E3D79E2E9A3} = {A6D753CF-5679-4EF2-A8F4-6B17E66EBC5B}
		{B9F18899-9F6E-4844-B37E-E7D7874B02A3} = {A6D753CF-5679-4EF2-A8F4-6B17E66EBC5B}
		{1DCF7234-B0FF-4FA9-8072-3E9D0534AC6F} = {A6D753CF-5679-4EF2-A8F4-6B17E66EBC5B}
		{5B0DA366-0659-4C61-9C80-8E7A5F0667A6} = {1F258412-0FFD-4336-84CF-34B057DA58E6}
		{410ADA43-BC90-4A11-BB9C-B9EB80707516} = {1F258412-0FFD-4336-84CF-34B057DA58E6}
		{451FEDE1-2C8A-4503-8F72-8BD793069D9F} = {1F258412-0FFD-4336-84CF-34B057DA58E6}
		{C130A273-D177-444F-AC0C-13E5E88EC38F} = {8F8EAA8F-A19E-4027-AEBB-CFF52872A78D}
		{07475175-F2F3-4AF5-B85D-AB0D53F77D27} = {8F8EAA8F-A19E-4027-AEBB-CFF52872A78D}
		{7F0785C6-0292-4B31-A260-E3B582ECC3CD} = {8F8EAA8F-A19E-4027-AEBB-CFF52872A78D}
	EndGlobalSection
EndGlobal
