
Microsoft Visual Studio Solution File, Format Version 11.00
# Visual Studio 2010
# SharpDevelop 4.0.0.7070
Project("{FAE04EC0-301F-11D3-BF4B-00C04F79EFBC}") = "Vela.RM", "Vela.RM\Vela.RM.csproj", "{4690F71C-79B4-4636-92A7-5FB39D7253B5}"
EndProject
Project("{FAE04EC0-301F-11D3-BF4B-00C04F79EFBC}") = "Vela.RM.Unittests", "Vela.RM.Unittests\Vela.RM.Unittests.csproj", "{44B60792-2324-49FF-8694-68C807DBFE97}"
EndProject
Global
	GlobalSection(SolutionConfigurationPlatforms) = preSolution
		Debug|x86 = Debug|x86
		Release|x86 = Release|x86
	EndGlobalSection
	GlobalSection(ProjectConfigurationPlatforms) = postSolution
		{4690F71C-79B4-4636-92A7-5FB39D7253B5}.Debug|x86.Build.0 = Debug|x86
		{4690F71C-79B4-4636-92A7-5FB39D7253B5}.Debug|x86.ActiveCfg = Debug|x86
		{4690F71C-79B4-4636-92A7-5FB39D7253B5}.Release|x86.Build.0 = Release|x86
		{4690F71C-79B4-4636-92A7-5FB39D7253B5}.Release|x86.ActiveCfg = Release|x86
		{44B60792-2324-49FF-8694-68C807DBFE97}.Debug|x86.Build.0 = Debug|x86
		{44B60792-2324-49FF-8694-68C807DBFE97}.Debug|x86.ActiveCfg = Debug|x86
		{44B60792-2324-49FF-8694-68C807DBFE97}.Release|x86.Build.0 = Release|x86
		{44B60792-2324-49FF-8694-68C807DBFE97}.Release|x86.ActiveCfg = Release|x86
	EndGlobalSection
EndGlobal
