
Microsoft Visual Studio Solution File, Format Version 11.00
# Visual Studio 2010
Project("{FAE04EC0-301F-11D3-BF4B-00C04F79EFBC}") = "Vela.RM.Domain", "Vela.RM.Domain\Vela.RM.Domain.csproj", "{4690F71C-79B4-4636-92A7-5FB39D7253B5}"
EndProject
Project("{FAE04EC0-301F-11D3-BF4B-00C04F79EFBC}") = "Vela.RM.Domain.UnitTests", "Vela.RM.Domain.Unittests\Vela.RM.Domain.UnitTests.csproj", "{44B60792-2324-49FF-8694-68C807DBFE97}"
EndProject
Project("{FAE04EC0-301F-11D3-BF4B-00C04F79EFBC}") = "Vela.Common", "Vela.Common\Vela.Common.csproj", "{D03FD7DB-3886-4D57-A01D-2F01C6CFE02C}"
EndProject
Project("{FAE04EC0-301F-11D3-BF4B-00C04F79EFBC}") = "Vela.Common.UnitTests", "Vela.Common.UnitTests\Vela.Common.UnitTests.csproj", "{D960283C-5D48-4899-BDED-067B22B64993}"
EndProject
Project("{FAE04EC0-301F-11D3-BF4B-00C04F79EFBC}") = "Vela.RM.Dal", "Vela.RM.Dal\Vela.RM.Dal.csproj", "{8DA8DA12-B183-4038-A983-BB1C32705925}"
EndProject
Project("{2150E333-8FDC-42A3-9474-1A3956D46DE8}") = "UnitTests", "UnitTests", "{D753BA55-26AD-41B9-8855-19D5E8792E0D}"
EndProject
Project("{FAE04EC0-301F-11D3-BF4B-00C04F79EFBC}") = "Vela.RM.Dal.UnitTests", "Vela.RM.Dal.UnitTests\Vela.RM.Dal.UnitTests.csproj", "{D8B61F1C-7406-4D75-8DEB-016BEFDE1B02}"
EndProject
Project("{FAE04EC0-301F-11D3-BF4B-00C04F79EFBC}") = "Vela.RM.Core", "Vela.RM.Core\Vela.RM.Core.csproj", "{5B5BA21C-223B-409F-8291-87368BD5E5E6}"
EndProject
Project("{FAE04EC0-301F-11D3-BF4B-00C04F79EFBC}") = "Vela.RM.Core.UnitTests", "Vela.RM.Core.UnitTests\Vela.RM.Core.UnitTests.csproj", "{598A6D14-BCAB-49FC-A84F-DC33A9B76444}"
EndProject
Project("{2150E333-8FDC-42A3-9474-1A3956D46DE8}") = "RM", "RM", "{E345C677-6D0F-4197-953A-A12AB1FFC48E}"
EndProject
Project("{2150E333-8FDC-42A3-9474-1A3956D46DE8}") = "RM", "RM", "{25CC6679-901C-4A9D-85E1-C24B5E19C3FE}"
EndProject
Project("{2150E333-8FDC-42A3-9474-1A3956D46DE8}") = "AM", "AM", "{72D58911-A87D-481B-9549-75303C18F6EC}"
EndProject
Project("{FAE04EC0-301F-11D3-BF4B-00C04F79EFBC}") = "Vela.AM", "Vela.AM\Vela.AM.csproj", "{34D0DBA3-314F-4633-8AC6-0F0E0068E1DD}"
EndProject
Project("{2150E333-8FDC-42A3-9474-1A3956D46DE8}") = "AM", "AM", "{A6D753CF-5679-4EF2-A8F4-6B17E66EBC5B}"
EndProject
Project("{FAE04EC0-301F-11D3-BF4B-00C04F79EFBC}") = "Vela.AM.UnitTests", "Vela.AM.UnitTests\Vela.AM.UnitTests.csproj", "{E7CD4618-0295-4FCA-AC60-96F6B23741CF}"
EndProject
Project("{FAE04EC0-301F-11D3-BF4B-00C04F79EFBC}") = "Vela.AM.Adl", "Vela.AM.Adl\Vela.AM.Adl.csproj", "{CBA0E56D-09A5-4648-A11A-99055C7C5A79}"
EndProject
Project("{FAE04EC0-301F-11D3-BF4B-00C04F79EFBC}") = "Vela.AM.Adl.UnitTests", "Vela.AM.Adl.UnitTests\Vela.AM.Adl.UnitTests.csproj", "{40A5B6E0-A3A3-4AB5-80D9-8E3D79E2E9A3}"
EndProject
Global
	GlobalSection(SolutionConfigurationPlatforms) = preSolution
		Debug|Any CPU = Debug|Any CPU
		Debug|Mixed Platforms = Debug|Mixed Platforms
		Debug|x86 = Debug|x86
		Release|Any CPU = Release|Any CPU
		Release|Mixed Platforms = Release|Mixed Platforms
		Release|x86 = Release|x86
	EndGlobalSection
	GlobalSection(ProjectConfigurationPlatforms) = postSolution
		{4690F71C-79B4-4636-92A7-5FB39D7253B5}.Debug|Any CPU.ActiveCfg = Debug|Any CPU
		{4690F71C-79B4-4636-92A7-5FB39D7253B5}.Debug|Any CPU.Build.0 = Debug|Any CPU
		{4690F71C-79B4-4636-92A7-5FB39D7253B5}.Debug|Mixed Platforms.ActiveCfg = Debug|x86
		{4690F71C-79B4-4636-92A7-5FB39D7253B5}.Debug|Mixed Platforms.Build.0 = Debug|x86
		{4690F71C-79B4-4636-92A7-5FB39D7253B5}.Debug|x86.ActiveCfg = Debug|x86
		{4690F71C-79B4-4636-92A7-5FB39D7253B5}.Debug|x86.Build.0 = Debug|x86
		{4690F71C-79B4-4636-92A7-5FB39D7253B5}.Release|Any CPU.ActiveCfg = Release|Any CPU
		{4690F71C-79B4-4636-92A7-5FB39D7253B5}.Release|Any CPU.Build.0 = Release|Any CPU
		{4690F71C-79B4-4636-92A7-5FB39D7253B5}.Release|Mixed Platforms.ActiveCfg = Release|x86
		{4690F71C-79B4-4636-92A7-5FB39D7253B5}.Release|Mixed Platforms.Build.0 = Release|x86
		{4690F71C-79B4-4636-92A7-5FB39D7253B5}.Release|x86.ActiveCfg = Release|x86
		{4690F71C-79B4-4636-92A7-5FB39D7253B5}.Release|x86.Build.0 = Release|x86
		{44B60792-2324-49FF-8694-68C807DBFE97}.Debug|Any CPU.ActiveCfg = Debug|Any CPU
		{44B60792-2324-49FF-8694-68C807DBFE97}.Debug|Any CPU.Build.0 = Debug|Any CPU
		{44B60792-2324-49FF-8694-68C807DBFE97}.Debug|Mixed Platforms.ActiveCfg = Debug|x86
		{44B60792-2324-49FF-8694-68C807DBFE97}.Debug|Mixed Platforms.Build.0 = Debug|x86
		{44B60792-2324-49FF-8694-68C807DBFE97}.Debug|x86.ActiveCfg = Debug|x86
		{44B60792-2324-49FF-8694-68C807DBFE97}.Debug|x86.Build.0 = Debug|x86
		{44B60792-2324-49FF-8694-68C807DBFE97}.Release|Any CPU.ActiveCfg = Release|Any CPU
		{44B60792-2324-49FF-8694-68C807DBFE97}.Release|Any CPU.Build.0 = Release|Any CPU
		{44B60792-2324-49FF-8694-68C807DBFE97}.Release|Mixed Platforms.ActiveCfg = Release|x86
		{44B60792-2324-49FF-8694-68C807DBFE97}.Release|Mixed Platforms.Build.0 = Release|x86
		{44B60792-2324-49FF-8694-68C807DBFE97}.Release|x86.ActiveCfg = Release|x86
		{44B60792-2324-49FF-8694-68C807DBFE97}.Release|x86.Build.0 = Release|x86
		{D03FD7DB-3886-4D57-A01D-2F01C6CFE02C}.Debug|Any CPU.ActiveCfg = Debug|Any CPU
		{D03FD7DB-3886-4D57-A01D-2F01C6CFE02C}.Debug|Any CPU.Build.0 = Debug|Any CPU
		{D03FD7DB-3886-4D57-A01D-2F01C6CFE02C}.Debug|Mixed Platforms.ActiveCfg = Debug|Any CPU
		{D03FD7DB-3886-4D57-A01D-2F01C6CFE02C}.Debug|Mixed Platforms.Build.0 = Debug|Any CPU
		{D03FD7DB-3886-4D57-A01D-2F01C6CFE02C}.Debug|x86.ActiveCfg = Debug|Any CPU
		{D03FD7DB-3886-4D57-A01D-2F01C6CFE02C}.Release|Any CPU.ActiveCfg = Release|Any CPU
		{D03FD7DB-3886-4D57-A01D-2F01C6CFE02C}.Release|Any CPU.Build.0 = Release|Any CPU
		{D03FD7DB-3886-4D57-A01D-2F01C6CFE02C}.Release|Mixed Platforms.ActiveCfg = Release|Any CPU
		{D03FD7DB-3886-4D57-A01D-2F01C6CFE02C}.Release|Mixed Platforms.Build.0 = Release|Any CPU
		{D03FD7DB-3886-4D57-A01D-2F01C6CFE02C}.Release|x86.ActiveCfg = Release|Any CPU
		{D960283C-5D48-4899-BDED-067B22B64993}.Debug|Any CPU.ActiveCfg = Debug|Any CPU
		{D960283C-5D48-4899-BDED-067B22B64993}.Debug|Any CPU.Build.0 = Debug|Any CPU
		{D960283C-5D48-4899-BDED-067B22B64993}.Debug|Mixed Platforms.ActiveCfg = Debug|Any CPU
		{D960283C-5D48-4899-BDED-067B22B64993}.Debug|Mixed Platforms.Build.0 = Debug|Any CPU
		{D960283C-5D48-4899-BDED-067B22B64993}.Debug|x86.ActiveCfg = Debug|Any CPU
		{D960283C-5D48-4899-BDED-067B22B64993}.Release|Any CPU.ActiveCfg = Release|Any CPU
		{D960283C-5D48-4899-BDED-067B22B64993}.Release|Any CPU.Build.0 = Release|Any CPU
		{D960283C-5D48-4899-BDED-067B22B64993}.Release|Mixed Platforms.ActiveCfg = Release|Any CPU
		{D960283C-5D48-4899-BDED-067B22B64993}.Release|Mixed Platforms.Build.0 = Release|Any CPU
		{D960283C-5D48-4899-BDED-067B22B64993}.Release|x86.ActiveCfg = Release|Any CPU
		{8DA8DA12-B183-4038-A983-BB1C32705925}.Debug|Any CPU.ActiveCfg = Debug|Any CPU
		{8DA8DA12-B183-4038-A983-BB1C32705925}.Debug|Any CPU.Build.0 = Debug|Any CPU
		{8DA8DA12-B183-4038-A983-BB1C32705925}.Debug|Mixed Platforms.ActiveCfg = Debug|Any CPU
		{8DA8DA12-B183-4038-A983-BB1C32705925}.Debug|Mixed Platforms.Build.0 = Debug|Any CPU
		{8DA8DA12-B183-4038-A983-BB1C32705925}.Debug|x86.ActiveCfg = Debug|Any CPU
		{8DA8DA12-B183-4038-A983-BB1C32705925}.Release|Any CPU.ActiveCfg = Release|Any CPU
		{8DA8DA12-B183-4038-A983-BB1C32705925}.Release|Any CPU.Build.0 = Release|Any CPU
		{8DA8DA12-B183-4038-A983-BB1C32705925}.Release|Mixed Platforms.ActiveCfg = Release|Any CPU
		{8DA8DA12-B183-4038-A983-BB1C32705925}.Release|Mixed Platforms.Build.0 = Release|Any CPU
		{8DA8DA12-B183-4038-A983-BB1C32705925}.Release|x86.ActiveCfg = Release|Any CPU
		{D8B61F1C-7406-4D75-8DEB-016BEFDE1B02}.Debug|Any CPU.ActiveCfg = Debug|Any CPU
		{D8B61F1C-7406-4D75-8DEB-016BEFDE1B02}.Debug|Any CPU.Build.0 = Debug|Any CPU
		{D8B61F1C-7406-4D75-8DEB-016BEFDE1B02}.Debug|Mixed Platforms.ActiveCfg = Debug|Any CPU
		{D8B61F1C-7406-4D75-8DEB-016BEFDE1B02}.Debug|Mixed Platforms.Build.0 = Debug|Any CPU
		{D8B61F1C-7406-4D75-8DEB-016BEFDE1B02}.Debug|x86.ActiveCfg = Debug|Any CPU
		{D8B61F1C-7406-4D75-8DEB-016BEFDE1B02}.Release|Any CPU.ActiveCfg = Release|Any CPU
		{D8B61F1C-7406-4D75-8DEB-016BEFDE1B02}.Release|Any CPU.Build.0 = Release|Any CPU
		{D8B61F1C-7406-4D75-8DEB-016BEFDE1B02}.Release|Mixed Platforms.ActiveCfg = Release|Any CPU
		{D8B61F1C-7406-4D75-8DEB-016BEFDE1B02}.Release|Mixed Platforms.Build.0 = Release|Any CPU
		{D8B61F1C-7406-4D75-8DEB-016BEFDE1B02}.Release|x86.ActiveCfg = Release|Any CPU
		{5B5BA21C-223B-409F-8291-87368BD5E5E6}.Debug|Any CPU.ActiveCfg = Debug|Any CPU
		{5B5BA21C-223B-409F-8291-87368BD5E5E6}.Debug|Any CPU.Build.0 = Debug|Any CPU
		{5B5BA21C-223B-409F-8291-87368BD5E5E6}.Debug|Mixed Platforms.ActiveCfg = Debug|Any CPU
		{5B5BA21C-223B-409F-8291-87368BD5E5E6}.Debug|Mixed Platforms.Build.0 = Debug|Any CPU
		{5B5BA21C-223B-409F-8291-87368BD5E5E6}.Debug|x86.ActiveCfg = Debug|Any CPU
		{5B5BA21C-223B-409F-8291-87368BD5E5E6}.Release|Any CPU.ActiveCfg = Release|Any CPU
		{5B5BA21C-223B-409F-8291-87368BD5E5E6}.Release|Any CPU.Build.0 = Release|Any CPU
		{5B5BA21C-223B-409F-8291-87368BD5E5E6}.Release|Mixed Platforms.ActiveCfg = Release|Any CPU
		{5B5BA21C-223B-409F-8291-87368BD5E5E6}.Release|Mixed Platforms.Build.0 = Release|Any CPU
		{5B5BA21C-223B-409F-8291-87368BD5E5E6}.Release|x86.ActiveCfg = Release|Any CPU
		{598A6D14-BCAB-49FC-A84F-DC33A9B76444}.Debug|Any CPU.ActiveCfg = Debug|Any CPU
		{598A6D14-BCAB-49FC-A84F-DC33A9B76444}.Debug|Any CPU.Build.0 = Debug|Any CPU
		{598A6D14-BCAB-49FC-A84F-DC33A9B76444}.Debug|Mixed Platforms.ActiveCfg = Debug|Any CPU
		{598A6D14-BCAB-49FC-A84F-DC33A9B76444}.Debug|Mixed Platforms.Build.0 = Debug|Any CPU
		{598A6D14-BCAB-49FC-A84F-DC33A9B76444}.Debug|x86.ActiveCfg = Debug|Any CPU
		{598A6D14-BCAB-49FC-A84F-DC33A9B76444}.Release|Any CPU.ActiveCfg = Release|Any CPU
		{598A6D14-BCAB-49FC-A84F-DC33A9B76444}.Release|Any CPU.Build.0 = Release|Any CPU
		{598A6D14-BCAB-49FC-A84F-DC33A9B76444}.Release|Mixed Platforms.ActiveCfg = Release|Any CPU
		{598A6D14-BCAB-49FC-A84F-DC33A9B76444}.Release|Mixed Platforms.Build.0 = Release|Any CPU
		{598A6D14-BCAB-49FC-A84F-DC33A9B76444}.Release|x86.ActiveCfg = Release|Any CPU
		{34D0DBA3-314F-4633-8AC6-0F0E0068E1DD}.Debug|Any CPU.ActiveCfg = Debug|Any CPU
		{34D0DBA3-314F-4633-8AC6-0F0E0068E1DD}.Debug|Any CPU.Build.0 = Debug|Any CPU
		{34D0DBA3-314F-4633-8AC6-0F0E0068E1DD}.Debug|Mixed Platforms.ActiveCfg = Debug|Any CPU
		{34D0DBA3-314F-4633-8AC6-0F0E0068E1DD}.Debug|Mixed Platforms.Build.0 = Debug|Any CPU
		{34D0DBA3-314F-4633-8AC6-0F0E0068E1DD}.Debug|x86.ActiveCfg = Debug|Any CPU
		{34D0DBA3-314F-4633-8AC6-0F0E0068E1DD}.Release|Any CPU.ActiveCfg = Release|Any CPU
		{34D0DBA3-314F-4633-8AC6-0F0E0068E1DD}.Release|Any CPU.Build.0 = Release|Any CPU
		{34D0DBA3-314F-4633-8AC6-0F0E0068E1DD}.Release|Mixed Platforms.ActiveCfg = Release|Any CPU
		{34D0DBA3-314F-4633-8AC6-0F0E0068E1DD}.Release|Mixed Platforms.Build.0 = Release|Any CPU
		{34D0DBA3-314F-4633-8AC6-0F0E0068E1DD}.Release|x86.ActiveCfg = Release|Any CPU
		{E7CD4618-0295-4FCA-AC60-96F6B23741CF}.Debug|Any CPU.ActiveCfg = Debug|Any CPU
		{E7CD4618-0295-4FCA-AC60-96F6B23741CF}.Debug|Any CPU.Build.0 = Debug|Any CPU
		{E7CD4618-0295-4FCA-AC60-96F6B23741CF}.Debug|Mixed Platforms.ActiveCfg = Debug|Any CPU
		{E7CD4618-0295-4FCA-AC60-96F6B23741CF}.Debug|Mixed Platforms.Build.0 = Debug|Any CPU
		{E7CD4618-0295-4FCA-AC60-96F6B23741CF}.Debug|x86.ActiveCfg = Debug|Any CPU
		{E7CD4618-0295-4FCA-AC60-96F6B23741CF}.Release|Any CPU.ActiveCfg = Release|Any CPU
		{E7CD4618-0295-4FCA-AC60-96F6B23741CF}.Release|Any CPU.Build.0 = Release|Any CPU
		{E7CD4618-0295-4FCA-AC60-96F6B23741CF}.Release|Mixed Platforms.ActiveCfg = Release|Any CPU
		{E7CD4618-0295-4FCA-AC60-96F6B23741CF}.Release|Mixed Platforms.Build.0 = Release|Any CPU
		{E7CD4618-0295-4FCA-AC60-96F6B23741CF}.Release|x86.ActiveCfg = Release|Any CPU
		{CBA0E56D-09A5-4648-A11A-99055C7C5A79}.Debug|Any CPU.ActiveCfg = Debug|Any CPU
		{CBA0E56D-09A5-4648-A11A-99055C7C5A79}.Debug|Any CPU.Build.0 = Debug|Any CPU
		{CBA0E56D-09A5-4648-A11A-99055C7C5A79}.Debug|Mixed Platforms.ActiveCfg = Debug|Any CPU
		{CBA0E56D-09A5-4648-A11A-99055C7C5A79}.Debug|Mixed Platforms.Build.0 = Debug|Any CPU
		{CBA0E56D-09A5-4648-A11A-99055C7C5A79}.Debug|x86.ActiveCfg = Debug|Any CPU
		{CBA0E56D-09A5-4648-A11A-99055C7C5A79}.Release|Any CPU.ActiveCfg = Release|Any CPU
		{CBA0E56D-09A5-4648-A11A-99055C7C5A79}.Release|Any CPU.Build.0 = Release|Any CPU
		{CBA0E56D-09A5-4648-A11A-99055C7C5A79}.Release|Mixed Platforms.ActiveCfg = Release|Any CPU
		{CBA0E56D-09A5-4648-A11A-99055C7C5A79}.Release|Mixed Platforms.Build.0 = Release|Any CPU
		{CBA0E56D-09A5-4648-A11A-99055C7C5A79}.Release|x86.ActiveCfg = Release|Any CPU
		{40A5B6E0-A3A3-4AB5-80D9-8E3D79E2E9A3}.Debug|Any CPU.ActiveCfg = Debug|Any CPU
		{40A5B6E0-A3A3-4AB5-80D9-8E3D79E2E9A3}.Debug|Any CPU.Build.0 = Debug|Any CPU
		{40A5B6E0-A3A3-4AB5-80D9-8E3D79E2E9A3}.Debug|Mixed Platforms.ActiveCfg = Debug|Any CPU
		{40A5B6E0-A3A3-4AB5-80D9-8E3D79E2E9A3}.Debug|Mixed Platforms.Build.0 = Debug|Any CPU
		{40A5B6E0-A3A3-4AB5-80D9-8E3D79E2E9A3}.Debug|x86.ActiveCfg = Debug|Any CPU
		{40A5B6E0-A3A3-4AB5-80D9-8E3D79E2E9A3}.Release|Any CPU.ActiveCfg = Release|Any CPU
		{40A5B6E0-A3A3-4AB5-80D9-8E3D79E2E9A3}.Release|Any CPU.Build.0 = Release|Any CPU
		{40A5B6E0-A3A3-4AB5-80D9-8E3D79E2E9A3}.Release|Mixed Platforms.ActiveCfg = Release|Any CPU
		{40A5B6E0-A3A3-4AB5-80D9-8E3D79E2E9A3}.Release|Mixed Platforms.Build.0 = Release|Any CPU
		{40A5B6E0-A3A3-4AB5-80D9-8E3D79E2E9A3}.Release|x86.ActiveCfg = Release|Any CPU
	EndGlobalSection
	GlobalSection(SolutionProperties) = preSolution
		HideSolutionNode = FALSE
	EndGlobalSection
	GlobalSection(NestedProjects) = preSolution
		{8DA8DA12-B183-4038-A983-BB1C32705925} = {E345C677-6D0F-4197-953A-A12AB1FFC48E}
		{5B5BA21C-223B-409F-8291-87368BD5E5E6} = {E345C677-6D0F-4197-953A-A12AB1FFC48E}
		{4690F71C-79B4-4636-92A7-5FB39D7253B5} = {E345C677-6D0F-4197-953A-A12AB1FFC48E}
		{D960283C-5D48-4899-BDED-067B22B64993} = {D753BA55-26AD-41B9-8855-19D5E8792E0D}
		{25CC6679-901C-4A9D-85E1-C24B5E19C3FE} = {D753BA55-26AD-41B9-8855-19D5E8792E0D}
		{A6D753CF-5679-4EF2-A8F4-6B17E66EBC5B} = {D753BA55-26AD-41B9-8855-19D5E8792E0D}
		{D8B61F1C-7406-4D75-8DEB-016BEFDE1B02} = {25CC6679-901C-4A9D-85E1-C24B5E19C3FE}
		{598A6D14-BCAB-49FC-A84F-DC33A9B76444} = {25CC6679-901C-4A9D-85E1-C24B5E19C3FE}
		{44B60792-2324-49FF-8694-68C807DBFE97} = {25CC6679-901C-4A9D-85E1-C24B5E19C3FE}
		{34D0DBA3-314F-4633-8AC6-0F0E0068E1DD} = {72D58911-A87D-481B-9549-75303C18F6EC}
		{CBA0E56D-09A5-4648-A11A-99055C7C5A79} = {72D58911-A87D-481B-9549-75303C18F6EC}
		{E7CD4618-0295-4FCA-AC60-96F6B23741CF} = {A6D753CF-5679-4EF2-A8F4-6B17E66EBC5B}
		{40A5B6E0-A3A3-4AB5-80D9-8E3D79E2E9A3} = {A6D753CF-5679-4EF2-A8F4-6B17E66EBC5B}
	EndGlobalSection
EndGlobal
