
Microsoft Visual Studio Solution File, Format Version 11.00
# Visual Studio 2010
Project("{FAE04EC0-301F-11D3-BF4B-00C04F79EFBC}") = "Vela.RM.Domain", "Vela.RM.Domain\Vela.RM.Domain.csproj", "{4690F71C-79B4-4636-92A7-5FB39D7253B5}"
EndProject
Project("{FAE04EC0-301F-11D3-BF4B-00C04F79EFBC}") = "Vela.RM.Domain.UnitTests", "Vela.RM.Domain.Unittests\Vela.RM.Domain.UnitTests.csproj", "{44B60792-2324-49FF-8694-68C807DBFE97}"
EndProject
Project("{FAE04EC0-301F-11D3-BF4B-00C04F79EFBC}") = "Vela.Common", "Vela.Common\Vela.Common.csproj", "{D03FD7DB-3886-4D57-A01D-2F01C6CFE02C}"
EndProject
Project("{FAE04EC0-301F-11D3-BF4B-00C04F79EFBC}") = "Vela.Common.UnitTests", "Vela.Common.UnitTests\Vela.Common.UnitTests.csproj", "{D960283C-5D48-4899-BDED-067B22B64993}"
EndProject
Project("{FAE04EC0-301F-11D3-BF4B-00C04F79EFBC}") = "Vela.RM.Dal", "Vela.RM.Dal\Vela.RM.Dal.csproj", "{8DA8DA12-B183-4038-A983-BB1C32705925}"
EndProject
Project("{2150E333-8FDC-42A3-9474-1A3956D46DE8}") = "UnitTests", "UnitTests", "{D753BA55-26AD-41B9-8855-19D5E8792E0D}"
EndProject
Project("{FAE04EC0-301F-11D3-BF4B-00C04F79EFBC}") = "Vela.RM.Dal.UnitTests", "Vela.RM.Dal.UnitTests\Vela.RM.Dal.UnitTests.csproj", "{D8B61F1C-7406-4D75-8DEB-016BEFDE1B02}"
EndProject
Project("{FAE04EC0-301F-11D3-BF4B-00C04F79EFBC}") = "Vela.RM.Core", "Vela.RM.Core\Vela.RM.Core.csproj", "{5B5BA21C-223B-409F-8291-87368BD5E5E6}"
EndProject
Project("{FAE04EC0-301F-11D3-BF4B-00C04F79EFBC}") = "Vela.RM.Core.UnitTests", "Vela.RM.Core.UnitTests\Vela.RM.Core.UnitTests.csproj", "{598A6D14-BCAB-49FC-A84F-DC33A9B76444}"
EndProject
Project("{2150E333-8FDC-42A3-9474-1A3956D46DE8}") = "RM", "RM", "{E345C677-6D0F-4197-953A-A12AB1FFC48E}"
EndProject
Project("{2150E333-8FDC-42A3-9474-1A3956D46DE8}") = "RM", "RM", "{25CC6679-901C-4A9D-85E1-C24B5E19C3FE}"
EndProject
Project("{2150E333-8FDC-42A3-9474-1A3956D46DE8}") = "AM", "AM", "{72D58911-A87D-481B-9549-75303C18F6EC}"
EndProject
Project("{FAE04EC0-301F-11D3-BF4B-00C04F79EFBC}") = "Vela.AM.Aom", "Vela.AM.Aom\Vela.AM.Aom.csproj", "{34D0DBA3-314F-4633-8AC6-0F0E0068E1DD}"
EndProject
Project("{2150E333-8FDC-42A3-9474-1A3956D46DE8}") = "AM", "AM", "{A6D753CF-5679-4EF2-A8F4-6B17E66EBC5B}"
EndProject
Project("{FAE04EC0-301F-11D3-BF4B-00C04F79EFBC}") = "Vela.AM.Aom.UnitTests", "Vela.AM.Aom.UnitTests\Vela.AM.Aom.UnitTests.csproj", "{E7CD4618-0295-4FCA-AC60-96F6B23741CF}"
EndProject
Project("{FAE04EC0-301F-11D3-BF4B-00C04F79EFBC}") = "Vela.AM.Adl", "Vela.AM.Adl\Vela.AM.Adl.csproj", "{CBA0E56D-09A5-4648-A11A-99055C7C5A79}"
EndProject
Project("{FAE04EC0-301F-11D3-BF4B-00C04F79EFBC}") = "Vela.AM.Adl.UnitTests", "Vela.AM.Adl.UnitTests\Vela.AM.Adl.UnitTests.csproj", "{40A5B6E0-A3A3-4AB5-80D9-8E3D79E2E9A3}"
EndProject
Project("{2150E333-8FDC-42A3-9474-1A3956D46DE8}") = "Common", "Common", "{D4D0F3A6-C74F-4E52-90B4-CB8D0D85ABFD}"
EndProject
Project("{2150E333-8FDC-42A3-9474-1A3956D46DE8}") = "Common", "Common", "{E2C7979E-1174-485F-84B7-ECE829F02A49}"
EndProject
Project("{FAE04EC0-301F-11D3-BF4B-00C04F79EFBC}") = "Vela.AM.Dal", "Vela.AM.Dal\Vela.AM.Dal.csproj", "{06E1C01C-07B3-44CC-8522-6964910E16AA}"
EndProject
Project("{FAE04EC0-301F-11D3-BF4B-00C04F79EFBC}") = "Vela.AM.Dal.UnitTests", "Vela.AM.Dal.UnitTests\Vela.AM.Dal.UnitTests.csproj", "{53967E52-66F1-4F77-8685-E0ADADF7A213}"
EndProject
Project("{FAE04EC0-301F-11D3-BF4B-00C04F79EFBC}") = "Vela.Common.Dal", "Vela.Common.Dal\Vela.Common.Dal.csproj", "{E00E85D4-6EB7-4FF9-A91D-E6FD5E8B0199}"
EndProject
Project("{FAE04EC0-301F-11D3-BF4B-00C04F79EFBC}") = "Vela.Common.Dal.UnitTests", "Vela.Common.Dal.UnitTests\Vela.Common.Dal.UnitTests.csproj", "{F9173D72-BF33-437A-A5C0-DBD01D07AA25}"
EndProject
Project("{FAE04EC0-301F-11D3-BF4B-00C04F79EFBC}") = "Vela.AM.Ap", "Vela.AM.Ap\Vela.AM.Ap.csproj", "{68A113B0-B977-4259-BC47-5FADBBFC698C}"
EndProject
Project("{FAE04EC0-301F-11D3-BF4B-00C04F79EFBC}") = "Vela.AM.Ap.UnitTests", "Vela.AM.Ap.UnitTests\Vela.AM.Ap.UnitTests.csproj", "{B9F18899-9F6E-4844-B37E-E7D7874B02A3}"
EndProject
Project("{2150E333-8FDC-42A3-9474-1A3956D46DE8}") = "SM", "SM", "{1F258412-0FFD-4336-84CF-34B057DA58E6}"
EndProject
Project("{FAE04EC0-301F-11D3-BF4B-00C04F79EFBC}") = "Vela.SM.EhrService", "Vela.SM.EhrService\Vela.SM.EhrService.csproj", "{5B0DA366-0659-4C61-9C80-8E7A5F0667A6}"
EndProject
Project("{FAE04EC0-301F-11D3-BF4B-00C04F79EFBC}") = "Vela.SM.ArchetypeService", "Vela.SM.ArchetypeService\Vela.SM.ArchetypeService.csproj", "{410ADA43-BC90-4A11-BB9C-B9EB80707516}"
EndProject
Project("{FAE04EC0-301F-11D3-BF4B-00C04F79EFBC}") = "Vela.SM.VirtualEhr", "Vela.SM.VirtualEhr\Vela.SM.VirtualEhr.csproj", "{451FEDE1-2C8A-4503-8F72-8BD793069D9F}"
EndProject
Project("{2150E333-8FDC-42A3-9474-1A3956D46DE8}") = "SM", "SM", "{8F8EAA8F-A19E-4027-AEBB-CFF52872A78D}"
EndProject
Project("{FAE04EC0-301F-11D3-BF4B-00C04F79EFBC}") = "Vela.SM.ArchetypeService.UnitTests", "Vela.SM.ArchetypeService.UnitTests\Vela.SM.ArchetypeService.UnitTests.csproj", "{C130A273-D177-444F-AC0C-13E5E88EC38F}"
EndProject
Project("{FAE04EC0-301F-11D3-BF4B-00C04F79EFBC}") = "Vela.SM.EhrService.UnitTests", "Vela.SM.EhrService.UnitTests\Vela.SM.EhrService.UnitTests.csproj", "{07475175-F2F3-4AF5-B85D-AB0D53F77D27}"
EndProject
Project("{FAE04EC0-301F-11D3-BF4B-00C04F79EFBC}") = "Vela.SM.VirtualEhr.UnitTests", "Vela.SM.VirtualEhr.UnitTests\Vela.SM.VirtualEhr.UnitTests.csproj", "{7F0785C6-0292-4B31-A260-E3B582ECC3CD}"
EndProject
Project("{2150E333-8FDC-42A3-9474-1A3956D46DE8}") = "Applications", "Applications", "{EFE67802-57AE-48A9-AF96-0A8FCA99FC05}"
EndProject
Global
	GlobalSection(SolutionConfigurationPlatforms) = preSolution
		Debug|Any CPU = Debug|Any CPU
		Debug|Mixed Platforms = Debug|Mixed Platforms
		Debug|x86 = Debug|x86
		Release|Any CPU = Release|Any CPU
		Release|Mixed Platforms = Release|Mixed Platforms
		Release|x86 = Release|x86
	EndGlobalSection
	GlobalSection(ProjectConfigurationPlatforms) = postSolution
		{4690F71C-79B4-4636-92A7-5FB39D7253B5}.Debug|Any CPU.ActiveCfg = Debug|Any CPU
		{4690F71C-79B4-4636-92A7-5FB39D7253B5}.Debug|Any CPU.Build.0 = Debug|Any CPU
		{4690F71C-79B4-4636-92A7-5FB39D7253B5}.Debug|Mixed Platforms.ActiveCfg = Debug|x86
		{4690F71C-79B4-4636-92A7-5FB39D7253B5}.Debug|Mixed Platforms.Build.0 = Debug|x86
		{4690F71C-79B4-4636-92A7-5FB39D7253B5}.Debug|x86.ActiveCfg = Debug|x86
		{4690F71C-79B4-4636-92A7-5FB39D7253B5}.Debug|x86.Build.0 = Debug|x86
		{4690F71C-79B4-4636-92A7-5FB39D7253B5}.Release|Any CPU.ActiveCfg = Release|Any CPU
		{4690F71C-79B4-4636-92A7-5FB39D7253B5}.Release|Any CPU.Build.0 = Release|Any CPU
		{4690F71C-79B4-4636-92A7-5FB39D7253B5}.Release|Mixed Platforms.ActiveCfg = Release|x86
		{4690F71C-79B4-4636-92A7-5FB39D7253B5}.Release|Mixed Platforms.Build.0 = Release|x86
		{4690F71C-79B4-4636-92A7-5FB39D7253B5}.Release|x86.ActiveCfg = Release|x86
		{4690F71C-79B4-4636-92A7-5FB39D7253B5}.Release|x86.Build.0 = Release|x86
		{44B60792-2324-49FF-8694-68C807DBFE97}.Debug|Any CPU.ActiveCfg = Debug|Any CPU
		{44B60792-2324-49FF-8694-68C807DBFE97}.Debug|Any CPU.Build.0 = Debug|Any CPU
		{44B60792-2324-49FF-8694-68C807DBFE97}.Debug|Mixed Platforms.ActiveCfg = Debug|x86
		{44B60792-2324-49FF-8694-68C807DBFE97}.Debug|Mixed Platforms.Build.0 = Debug|x86
		{44B60792-2324-49FF-8694-68C807DBFE97}.Debug|x86.ActiveCfg = Debug|x86
		{44B60792-2324-49FF-8694-68C807DBFE97}.Debug|x86.Build.0 = Debug|x86
		{44B60792-2324-49FF-8694-68C807DBFE97}.Release|Any CPU.ActiveCfg = Release|Any CPU
		{44B60792-2324-49FF-8694-68C807DBFE97}.Release|Any CPU.Build.0 = Release|Any CPU
		{44B60792-2324-49FF-8694-68C807DBFE97}.Release|Mixed Platforms.ActiveCfg = Release|x86
		{44B60792-2324-49FF-8694-68C807DBFE97}.Release|Mixed Platforms.Build.0 = Release|x86
		{44B60792-2324-49FF-8694-68C807DBFE97}.Release|x86.ActiveCfg = Release|x86
		{44B60792-2324-49FF-8694-68C807DBFE97}.Release|x86.Build.0 = Release|x86
		{D03FD7DB-3886-4D57-A01D-2F01C6CFE02C}.Debug|Any CPU.ActiveCfg = Debug|Any CPU
		{D03FD7DB-3886-4D57-A01D-2F01C6CFE02C}.Debug|Any CPU.Build.0 = Debug|Any CPU
		{D03FD7DB-3886-4D57-A01D-2F01C6CFE02C}.Debug|Mixed Platforms.ActiveCfg = Debug|Any CPU
		{D03FD7DB-3886-4D57-A01D-2F01C6CFE02C}.Debug|Mixed Platforms.Build.0 = Debug|Any CPU
		{D03FD7DB-3886-4D57-A01D-2F01C6CFE02C}.Debug|x86.ActiveCfg = Debug|Any CPU
		{D03FD7DB-3886-4D57-A01D-2F01C6CFE02C}.Release|Any CPU.ActiveCfg = Release|Any CPU
		{D03FD7DB-3886-4D57-A01D-2F01C6CFE02C}.Release|Any CPU.Build.0 = Release|Any CPU
		{D03FD7DB-3886-4D57-A01D-2F01C6CFE02C}.Release|Mixed Platforms.ActiveCfg = Release|Any CPU
		{D03FD7DB-3886-4D57-A01D-2F01C6CFE02C}.Release|Mixed Platforms.Build.0 = Release|Any CPU
		{D03FD7DB-3886-4D57-A01D-2F01C6CFE02C}.Release|x86.ActiveCfg = Release|Any CPU
		{D960283C-5D48-4899-BDED-067B22B64993}.Debug|Any CPU.ActiveCfg = Debug|Any CPU
		{D960283C-5D48-4899-BDED-067B22B64993}.Debug|Any CPU.Build.0 = Debug|Any CPU
		{D960283C-5D48-4899-BDED-067B22B64993}.Debug|Mixed Platforms.ActiveCfg = Debug|Any CPU
		{D960283C-5D48-4899-BDED-067B22B64993}.Debug|Mixed Platforms.Build.0 = Debug|Any CPU
		{D960283C-5D48-4899-BDED-067B22B64993}.Debug|x86.ActiveCfg = Debug|Any CPU
		{D960283C-5D48-4899-BDED-067B22B64993}.Release|Any CPU.ActiveCfg = Release|Any CPU
		{D960283C-5D48-4899-BDED-067B22B64993}.Release|Any CPU.Build.0 = Release|Any CPU
		{D960283C-5D48-4899-BDED-067B22B64993}.Release|Mixed Platforms.ActiveCfg = Release|Any CPU
		{D960283C-5D48-4899-BDED-067B22B64993}.Release|Mixed Platforms.Build.0 = Release|Any CPU
		{D960283C-5D48-4899-BDED-067B22B64993}.Release|x86.ActiveCfg = Release|Any CPU
		{8DA8DA12-B183-4038-A983-BB1C32705925}.Debug|Any CPU.ActiveCfg = Debug|Any CPU
		{8DA8DA12-B183-4038-A983-BB1C32705925}.Debug|Any CPU.Build.0 = Debug|Any CPU
		{8DA8DA12-B183-4038-A983-BB1C32705925}.Debug|Mixed Platforms.ActiveCfg = Debug|Any CPU
		{8DA8DA12-B183-4038-A983-BB1C32705925}.Debug|Mixed Platforms.Build.0 = Debug|Any CPU
		{8DA8DA12-B183-4038-A983-BB1C32705925}.Debug|x86.ActiveCfg = Debug|Any CPU
		{8DA8DA12-B183-4038-A983-BB1C32705925}.Release|Any CPU.ActiveCfg = Release|Any CPU
		{8DA8DA12-B183-4038-A983-BB1C32705925}.Release|Any CPU.Build.0 = Release|Any CPU
		{8DA8DA12-B183-4038-A983-BB1C32705925}.Release|Mixed Platforms.ActiveCfg = Release|Any CPU
		{8DA8DA12-B183-4038-A983-BB1C32705925}.Release|Mixed Platforms.Build.0 = Release|Any CPU
		{8DA8DA12-B183-4038-A983-BB1C32705925}.Release|x86.ActiveCfg = Release|Any CPU
		{D8B61F1C-7406-4D75-8DEB-016BEFDE1B02}.Debug|Any CPU.ActiveCfg = Debug|Any CPU
		{D8B61F1C-7406-4D75-8DEB-016BEFDE1B02}.Debug|Any CPU.Build.0 = Debug|Any CPU
		{D8B61F1C-7406-4D75-8DEB-016BEFDE1B02}.Debug|Mixed Platforms.ActiveCfg = Debug|Any CPU
		{D8B61F1C-7406-4D75-8DEB-016BEFDE1B02}.Debug|Mixed Platforms.Build.0 = Debug|Any CPU
		{D8B61F1C-7406-4D75-8DEB-016BEFDE1B02}.Debug|x86.ActiveCfg = Debug|Any CPU
		{D8B61F1C-7406-4D75-8DEB-016BEFDE1B02}.Release|Any CPU.ActiveCfg = Release|Any CPU
		{D8B61F1C-7406-4D75-8DEB-016BEFDE1B02}.Release|Any CPU.Build.0 = Release|Any CPU
		{D8B61F1C-7406-4D75-8DEB-016BEFDE1B02}.Release|Mixed Platforms.ActiveCfg = Release|Any CPU
		{D8B61F1C-7406-4D75-8DEB-016BEFDE1B02}.Release|Mixed Platforms.Build.0 = Release|Any CPU
		{D8B61F1C-7406-4D75-8DEB-016BEFDE1B02}.Release|x86.ActiveCfg = Release|Any CPU
		{5B5BA21C-223B-409F-8291-87368BD5E5E6}.Debug|Any CPU.ActiveCfg = Debug|Any CPU
		{5B5BA21C-223B-409F-8291-87368BD5E5E6}.Debug|Any CPU.Build.0 = Debug|Any CPU
		{5B5BA21C-223B-409F-8291-87368BD5E5E6}.Debug|Mixed Platforms.ActiveCfg = Debug|Any CPU
		{5B5BA21C-223B-409F-8291-87368BD5E5E6}.Debug|Mixed Platforms.Build.0 = Debug|Any CPU
		{5B5BA21C-223B-409F-8291-87368BD5E5E6}.Debug|x86.ActiveCfg = Debug|Any CPU
		{5B5BA21C-223B-409F-8291-87368BD5E5E6}.Release|Any CPU.ActiveCfg = Release|Any CPU
		{5B5BA21C-223B-409F-8291-87368BD5E5E6}.Release|Any CPU.Build.0 = Release|Any CPU
		{5B5BA21C-223B-409F-8291-87368BD5E5E6}.Release|Mixed Platforms.ActiveCfg = Release|Any CPU
		{5B5BA21C-223B-409F-8291-87368BD5E5E6}.Release|Mixed Platforms.Build.0 = Release|Any CPU
		{5B5BA21C-223B-409F-8291-87368BD5E5E6}.Release|x86.ActiveCfg = Release|Any CPU
		{598A6D14-BCAB-49FC-A84F-DC33A9B76444}.Debug|Any CPU.ActiveCfg = Debug|Any CPU
		{598A6D14-BCAB-49FC-A84F-DC33A9B76444}.Debug|Any CPU.Build.0 = Debug|Any CPU
		{598A6D14-BCAB-49FC-A84F-DC33A9B76444}.Debug|Mixed Platforms.ActiveCfg = Debug|Any CPU
		{598A6D14-BCAB-49FC-A84F-DC33A9B76444}.Debug|Mixed Platforms.Build.0 = Debug|Any CPU
		{598A6D14-BCAB-49FC-A84F-DC33A9B76444}.Debug|x86.ActiveCfg = Debug|Any CPU
		{598A6D14-BCAB-49FC-A84F-DC33A9B76444}.Release|Any CPU.ActiveCfg = Release|Any CPU
		{598A6D14-BCAB-49FC-A84F-DC33A9B76444}.Release|Any CPU.Build.0 = Release|Any CPU
		{598A6D14-BCAB-49FC-A84F-DC33A9B76444}.Release|Mixed Platforms.ActiveCfg = Release|Any CPU
		{598A6D14-BCAB-49FC-A84F-DC33A9B76444}.Release|Mixed Platforms.Build.0 = Release|Any CPU
		{598A6D14-BCAB-49FC-A84F-DC33A9B76444}.Release|x86.ActiveCfg = Release|Any CPU
		{34D0DBA3-314F-4633-8AC6-0F0E0068E1DD}.Debug|Any CPU.ActiveCfg = Debug|Any CPU
		{34D0DBA3-314F-4633-8AC6-0F0E0068E1DD}.Debug|Any CPU.Build.0 = Debug|Any CPU
		{34D0DBA3-314F-4633-8AC6-0F0E0068E1DD}.Debug|Mixed Platforms.ActiveCfg = Debug|Any CPU
		{34D0DBA3-314F-4633-8AC6-0F0E0068E1DD}.Debug|Mixed Platforms.Build.0 = Debug|Any CPU
		{34D0DBA3-314F-4633-8AC6-0F0E0068E1DD}.Debug|x86.ActiveCfg = Debug|Any CPU
		{34D0DBA3-314F-4633-8AC6-0F0E0068E1DD}.Release|Any CPU.ActiveCfg = Release|Any CPU
		{34D0DBA3-314F-4633-8AC6-0F0E0068E1DD}.Release|Any CPU.Build.0 = Release|Any CPU
		{34D0DBA3-314F-4633-8AC6-0F0E0068E1DD}.Release|Mixed Platforms.ActiveCfg = Release|Any CPU
		{34D0DBA3-314F-4633-8AC6-0F0E0068E1DD}.Release|Mixed Platforms.Build.0 = Release|Any CPU
		{34D0DBA3-314F-4633-8AC6-0F0E0068E1DD}.Release|x86.ActiveCfg = Release|Any CPU
		{E7CD4618-0295-4FCA-AC60-96F6B23741CF}.Debug|Any CPU.ActiveCfg = Debug|Any CPU
		{E7CD4618-0295-4FCA-AC60-96F6B23741CF}.Debug|Any CPU.Build.0 = Debug|Any CPU
		{E7CD4618-0295-4FCA-AC60-96F6B23741CF}.Debug|Mixed Platforms.ActiveCfg = Debug|Any CPU
		{E7CD4618-0295-4FCA-AC60-96F6B23741CF}.Debug|Mixed Platforms.Build.0 = Debug|Any CPU
		{E7CD4618-0295-4FCA-AC60-96F6B23741CF}.Debug|x86.ActiveCfg = Debug|Any CPU
		{E7CD4618-0295-4FCA-AC60-96F6B23741CF}.Release|Any CPU.ActiveCfg = Release|Any CPU
		{E7CD4618-0295-4FCA-AC60-96F6B23741CF}.Release|Any CPU.Build.0 = Release|Any CPU
		{E7CD4618-0295-4FCA-AC60-96F6B23741CF}.Release|Mixed Platforms.ActiveCfg = Release|Any CPU
		{E7CD4618-0295-4FCA-AC60-96F6B23741CF}.Release|Mixed Platforms.Build.0 = Release|Any CPU
		{E7CD4618-0295-4FCA-AC60-96F6B23741CF}.Release|x86.ActiveCfg = Release|Any CPU
		{CBA0E56D-09A5-4648-A11A-99055C7C5A79}.Debug|Any CPU.ActiveCfg = Debug|Any CPU
		{CBA0E56D-09A5-4648-A11A-99055C7C5A79}.Debug|Any CPU.Build.0 = Debug|Any CPU
		{CBA0E56D-09A5-4648-A11A-99055C7C5A79}.Debug|Mixed Platforms.ActiveCfg = Debug|Any CPU
		{CBA0E56D-09A5-4648-A11A-99055C7C5A79}.Debug|Mixed Platforms.Build.0 = Debug|Any CPU
		{CBA0E56D-09A5-4648-A11A-99055C7C5A79}.Debug|x86.ActiveCfg = Debug|Any CPU
		{CBA0E56D-09A5-4648-A11A-99055C7C5A79}.Release|Any CPU.ActiveCfg = Release|Any CPU
		{CBA0E56D-09A5-4648-A11A-99055C7C5A79}.Release|Any CPU.Build.0 = Release|Any CPU
		{CBA0E56D-09A5-4648-A11A-99055C7C5A79}.Release|Mixed Platforms.ActiveCfg = Release|Any CPU
		{CBA0E56D-09A5-4648-A11A-99055C7C5A79}.Release|Mixed Platforms.Build.0 = Release|Any CPU
		{CBA0E56D-09A5-4648-A11A-99055C7C5A79}.Release|x86.ActiveCfg = Release|Any CPU
		{40A5B6E0-A3A3-4AB5-80D9-8E3D79E2E9A3}.Debug|Any CPU.ActiveCfg = Debug|Any CPU
		{40A5B6E0-A3A3-4AB5-80D9-8E3D79E2E9A3}.Debug|Any CPU.Build.0 = Debug|Any CPU
		{40A5B6E0-A3A3-4AB5-80D9-8E3D79E2E9A3}.Debug|Mixed Platforms.ActiveCfg = Debug|Any CPU
		{40A5B6E0-A3A3-4AB5-80D9-8E3D79E2E9A3}.Debug|Mixed Platforms.Build.0 = Debug|Any CPU
		{40A5B6E0-A3A3-4AB5-80D9-8E3D79E2E9A3}.Debug|x86.ActiveCfg = Debug|Any CPU
		{40A5B6E0-A3A3-4AB5-80D9-8E3D79E2E9A3}.Release|Any CPU.ActiveCfg = Release|Any CPU
		{40A5B6E0-A3A3-4AB5-80D9-8E3D79E2E9A3}.Release|Any CPU.Build.0 = Release|Any CPU
		{40A5B6E0-A3A3-4AB5-80D9-8E3D79E2E9A3}.Release|Mixed Platforms.ActiveCfg = Release|Any CPU
		{40A5B6E0-A3A3-4AB5-80D9-8E3D79E2E9A3}.Release|Mixed Platforms.Build.0 = Release|Any CPU
		{40A5B6E0-A3A3-4AB5-80D9-8E3D79E2E9A3}.Release|x86.ActiveCfg = Release|Any CPU
		{06E1C01C-07B3-44CC-8522-6964910E16AA}.Debug|Any CPU.ActiveCfg = Debug|Any CPU
		{06E1C01C-07B3-44CC-8522-6964910E16AA}.Debug|Any CPU.Build.0 = Debug|Any CPU
		{06E1C01C-07B3-44CC-8522-6964910E16AA}.Debug|Mixed Platforms.ActiveCfg = Debug|Any CPU
		{06E1C01C-07B3-44CC-8522-6964910E16AA}.Debug|Mixed Platforms.Build.0 = Debug|Any CPU
		{06E1C01C-07B3-44CC-8522-6964910E16AA}.Debug|x86.ActiveCfg = Debug|Any CPU
		{06E1C01C-07B3-44CC-8522-6964910E16AA}.Release|Any CPU.ActiveCfg = Release|Any CPU
		{06E1C01C-07B3-44CC-8522-6964910E16AA}.Release|Any CPU.Build.0 = Release|Any CPU
		{06E1C01C-07B3-44CC-8522-6964910E16AA}.Release|Mixed Platforms.ActiveCfg = Release|Any CPU
		{06E1C01C-07B3-44CC-8522-6964910E16AA}.Release|Mixed Platforms.Build.0 = Release|Any CPU
		{06E1C01C-07B3-44CC-8522-6964910E16AA}.Release|x86.ActiveCfg = Release|Any CPU
		{53967E52-66F1-4F77-8685-E0ADADF7A213}.Debug|Any CPU.ActiveCfg = Debug|Any CPU
		{53967E52-66F1-4F77-8685-E0ADADF7A213}.Debug|Any CPU.Build.0 = Debug|Any CPU
		{53967E52-66F1-4F77-8685-E0ADADF7A213}.Debug|Mixed Platforms.ActiveCfg = Debug|Any CPU
		{53967E52-66F1-4F77-8685-E0ADADF7A213}.Debug|Mixed Platforms.Build.0 = Debug|Any CPU
		{53967E52-66F1-4F77-8685-E0ADADF7A213}.Debug|x86.ActiveCfg = Debug|Any CPU
		{53967E52-66F1-4F77-8685-E0ADADF7A213}.Release|Any CPU.ActiveCfg = Release|Any CPU
		{53967E52-66F1-4F77-8685-E0ADADF7A213}.Release|Any CPU.Build.0 = Release|Any CPU
		{53967E52-66F1-4F77-8685-E0ADADF7A213}.Release|Mixed Platforms.ActiveCfg = Release|Any CPU
		{53967E52-66F1-4F77-8685-E0ADADF7A213}.Release|Mixed Platforms.Build.0 = Release|Any CPU
		{53967E52-66F1-4F77-8685-E0ADADF7A213}.Release|x86.ActiveCfg = Release|Any CPU
		{E00E85D4-6EB7-4FF9-A91D-E6FD5E8B0199}.Debug|Any CPU.ActiveCfg = Debug|Any CPU
		{E00E85D4-6EB7-4FF9-A91D-E6FD5E8B0199}.Debug|Any CPU.Build.0 = Debug|Any CPU
		{E00E85D4-6EB7-4FF9-A91D-E6FD5E8B0199}.Debug|Mixed Platforms.ActiveCfg = Debug|Any CPU
		{E00E85D4-6EB7-4FF9-A91D-E6FD5E8B0199}.Debug|Mixed Platforms.Build.0 = Debug|Any CPU
		{E00E85D4-6EB7-4FF9-A91D-E6FD5E8B0199}.Debug|x86.ActiveCfg = Debug|Any CPU
		{E00E85D4-6EB7-4FF9-A91D-E6FD5E8B0199}.Release|Any CPU.ActiveCfg = Release|Any CPU
		{E00E85D4-6EB7-4FF9-A91D-E6FD5E8B0199}.Release|Any CPU.Build.0 = Release|Any CPU
		{E00E85D4-6EB7-4FF9-A91D-E6FD5E8B0199}.Release|Mixed Platforms.ActiveCfg = Release|Any CPU
		{E00E85D4-6EB7-4FF9-A91D-E6FD5E8B0199}.Release|Mixed Platforms.Build.0 = Release|Any CPU
		{E00E85D4-6EB7-4FF9-A91D-E6FD5E8B0199}.Release|x86.ActiveCfg = Release|Any CPU
		{F9173D72-BF33-437A-A5C0-DBD01D07AA25}.Debug|Any CPU.ActiveCfg = Debug|Any CPU
		{F9173D72-BF33-437A-A5C0-DBD01D07AA25}.Debug|Any CPU.Build.0 = Debug|Any CPU
		{F9173D72-BF33-437A-A5C0-DBD01D07AA25}.Debug|Mixed Platforms.ActiveCfg = Debug|Any CPU
		{F9173D72-BF33-437A-A5C0-DBD01D07AA25}.Debug|Mixed Platforms.Build.0 = Debug|Any CPU
		{F9173D72-BF33-437A-A5C0-DBD01D07AA25}.Debug|x86.ActiveCfg = Debug|Any CPU
		{F9173D72-BF33-437A-A5C0-DBD01D07AA25}.Release|Any CPU.ActiveCfg = Release|Any CPU
		{F9173D72-BF33-437A-A5C0-DBD01D07AA25}.Release|Any CPU.Build.0 = Release|Any CPU
		{F9173D72-BF33-437A-A5C0-DBD01D07AA25}.Release|Mixed Platforms.ActiveCfg = Release|Any CPU
		{F9173D72-BF33-437A-A5C0-DBD01D07AA25}.Release|Mixed Platforms.Build.0 = Release|Any CPU
		{F9173D72-BF33-437A-A5C0-DBD01D07AA25}.Release|x86.ActiveCfg = Release|Any CPU
		{68A113B0-B977-4259-BC47-5FADBBFC698C}.Debug|Any CPU.ActiveCfg = Debug|Any CPU
		{68A113B0-B977-4259-BC47-5FADBBFC698C}.Debug|Any CPU.Build.0 = Debug|Any CPU
		{68A113B0-B977-4259-BC47-5FADBBFC698C}.Debug|Mixed Platforms.ActiveCfg = Debug|Any CPU
		{68A113B0-B977-4259-BC47-5FADBBFC698C}.Debug|Mixed Platforms.Build.0 = Debug|Any CPU
		{68A113B0-B977-4259-BC47-5FADBBFC698C}.Debug|x86.ActiveCfg = Debug|Any CPU
		{68A113B0-B977-4259-BC47-5FADBBFC698C}.Release|Any CPU.ActiveCfg = Release|Any CPU
		{68A113B0-B977-4259-BC47-5FADBBFC698C}.Release|Any CPU.Build.0 = Release|Any CPU
		{68A113B0-B977-4259-BC47-5FADBBFC698C}.Release|Mixed Platforms.ActiveCfg = Release|Any CPU
		{68A113B0-B977-4259-BC47-5FADBBFC698C}.Release|Mixed Platforms.Build.0 = Release|Any CPU
		{68A113B0-B977-4259-BC47-5FADBBFC698C}.Release|x86.ActiveCfg = Release|Any CPU
		{B9F18899-9F6E-4844-B37E-E7D7874B02A3}.Debug|Any CPU.ActiveCfg = Debug|Any CPU
		{B9F18899-9F6E-4844-B37E-E7D7874B02A3}.Debug|Any CPU.Build.0 = Debug|Any CPU
		{B9F18899-9F6E-4844-B37E-E7D7874B02A3}.Debug|Mixed Platforms.ActiveCfg = Debug|Any CPU
		{B9F18899-9F6E-4844-B37E-E7D7874B02A3}.Debug|Mixed Platforms.Build.0 = Debug|Any CPU
		{B9F18899-9F6E-4844-B37E-E7D7874B02A3}.Debug|x86.ActiveCfg = Debug|Any CPU
		{B9F18899-9F6E-4844-B37E-E7D7874B02A3}.Release|Any CPU.ActiveCfg = Release|Any CPU
		{B9F18899-9F6E-4844-B37E-E7D7874B02A3}.Release|Any CPU.Build.0 = Release|Any CPU
		{B9F18899-9F6E-4844-B37E-E7D7874B02A3}.Release|Mixed Platforms.ActiveCfg = Release|Any CPU
		{B9F18899-9F6E-4844-B37E-E7D7874B02A3}.Release|Mixed Platforms.Build.0 = Release|Any CPU
		{B9F18899-9F6E-4844-B37E-E7D7874B02A3}.Release|x86.ActiveCfg = Release|Any CPU
		{5B0DA366-0659-4C61-9C80-8E7A5F0667A6}.Debug|Any CPU.ActiveCfg = Debug|Any CPU
		{5B0DA366-0659-4C61-9C80-8E7A5F0667A6}.Debug|Any CPU.Build.0 = Debug|Any CPU
		{5B0DA366-0659-4C61-9C80-8E7A5F0667A6}.Debug|Mixed Platforms.ActiveCfg = Debug|Any CPU
		{5B0DA366-0659-4C61-9C80-8E7A5F0667A6}.Debug|Mixed Platforms.Build.0 = Debug|Any CPU
		{5B0DA366-0659-4C61-9C80-8E7A5F0667A6}.Debug|x86.ActiveCfg = Debug|Any CPU
		{5B0DA366-0659-4C61-9C80-8E7A5F0667A6}.Release|Any CPU.ActiveCfg = Release|Any CPU
		{5B0DA366-0659-4C61-9C80-8E7A5F0667A6}.Release|Any CPU.Build.0 = Release|Any CPU
		{5B0DA366-0659-4C61-9C80-8E7A5F0667A6}.Release|Mixed Platforms.ActiveCfg = Release|Any CPU
		{5B0DA366-0659-4C61-9C80-8E7A5F0667A6}.Release|Mixed Platforms.Build.0 = Release|Any CPU
		{5B0DA366-0659-4C61-9C80-8E7A5F0667A6}.Release|x86.ActiveCfg = Release|Any CPU
		{410ADA43-BC90-4A11-BB9C-B9EB80707516}.Debug|Any CPU.ActiveCfg = Debug|Any CPU
		{410ADA43-BC90-4A11-BB9C-B9EB80707516}.Debug|Any CPU.Build.0 = Debug|Any CPU
		{410ADA43-BC90-4A11-BB9C-B9EB80707516}.Debug|Mixed Platforms.ActiveCfg = Debug|Any CPU
		{410ADA43-BC90-4A11-BB9C-B9EB80707516}.Debug|Mixed Platforms.Build.0 = Debug|Any CPU
		{410ADA43-BC90-4A11-BB9C-B9EB80707516}.Debug|x86.ActiveCfg = Debug|Any CPU
		{410ADA43-BC90-4A11-BB9C-B9EB80707516}.Release|Any CPU.ActiveCfg = Release|Any CPU
		{410ADA43-BC90-4A11-BB9C-B9EB80707516}.Release|Any CPU.Build.0 = Release|Any CPU
		{410ADA43-BC90-4A11-BB9C-B9EB80707516}.Release|Mixed Platforms.ActiveCfg = Release|Any CPU
		{410ADA43-BC90-4A11-BB9C-B9EB80707516}.Release|Mixed Platforms.Build.0 = Release|Any CPU
		{410ADA43-BC90-4A11-BB9C-B9EB80707516}.Release|x86.ActiveCfg = Release|Any CPU
		{451FEDE1-2C8A-4503-8F72-8BD793069D9F}.Debug|Any CPU.ActiveCfg = Debug|Any CPU
		{451FEDE1-2C8A-4503-8F72-8BD793069D9F}.Debug|Any CPU.Build.0 = Debug|Any CPU
		{451FEDE1-2C8A-4503-8F72-8BD793069D9F}.Debug|Mixed Platforms.ActiveCfg = Debug|Any CPU
		{451FEDE1-2C8A-4503-8F72-8BD793069D9F}.Debug|Mixed Platforms.Build.0 = Debug|Any CPU
		{451FEDE1-2C8A-4503-8F72-8BD793069D9F}.Debug|x86.ActiveCfg = Debug|Any CPU
		{451FEDE1-2C8A-4503-8F72-8BD793069D9F}.Release|Any CPU.ActiveCfg = Release|Any CPU
		{451FEDE1-2C8A-4503-8F72-8BD793069D9F}.Release|Any CPU.Build.0 = Release|Any CPU
		{451FEDE1-2C8A-4503-8F72-8BD793069D9F}.Release|Mixed Platforms.ActiveCfg = Release|Any CPU
		{451FEDE1-2C8A-4503-8F72-8BD793069D9F}.Release|Mixed Platforms.Build.0 = Release|Any CPU
		{451FEDE1-2C8A-4503-8F72-8BD793069D9F}.Release|x86.ActiveCfg = Release|Any CPU
		{C130A273-D177-444F-AC0C-13E5E88EC38F}.Debug|Any CPU.ActiveCfg = Debug|Any CPU
		{C130A273-D177-444F-AC0C-13E5E88EC38F}.Debug|Any CPU.Build.0 = Debug|Any CPU
		{C130A273-D177-444F-AC0C-13E5E88EC38F}.Debug|Mixed Platforms.ActiveCfg = Debug|Any CPU
		{C130A273-D177-444F-AC0C-13E5E88EC38F}.Debug|Mixed Platforms.Build.0 = Debug|Any CPU
		{C130A273-D177-444F-AC0C-13E5E88EC38F}.Debug|x86.ActiveCfg = Debug|Any CPU
		{C130A273-D177-444F-AC0C-13E5E88EC38F}.Release|Any CPU.ActiveCfg = Release|Any CPU
		{C130A273-D177-444F-AC0C-13E5E88EC38F}.Release|Any CPU.Build.0 = Release|Any CPU
		{C130A273-D177-444F-AC0C-13E5E88EC38F}.Release|Mixed Platforms.ActiveCfg = Release|Any CPU
		{C130A273-D177-444F-AC0C-13E5E88EC38F}.Release|Mixed Platforms.Build.0 = Release|Any CPU
		{C130A273-D177-444F-AC0C-13E5E88EC38F}.Release|x86.ActiveCfg = Release|Any CPU
		{07475175-F2F3-4AF5-B85D-AB0D53F77D27}.Debug|Any CPU.ActiveCfg = Debug|Any CPU
		{07475175-F2F3-4AF5-B85D-AB0D53F77D27}.Debug|Any CPU.Build.0 = Debug|Any CPU
		{07475175-F2F3-4AF5-B85D-AB0D53F77D27}.Debug|Mixed Platforms.ActiveCfg = Debug|Any CPU
		{07475175-F2F3-4AF5-B85D-AB0D53F77D27}.Debug|Mixed Platforms.Build.0 = Debug|Any CPU
		{07475175-F2F3-4AF5-B85D-AB0D53F77D27}.Debug|x86.ActiveCfg = Debug|Any CPU
		{07475175-F2F3-4AF5-B85D-AB0D53F77D27}.Release|Any CPU.ActiveCfg = Release|Any CPU
		{07475175-F2F3-4AF5-B85D-AB0D53F77D27}.Release|Any CPU.Build.0 = Release|Any CPU
		{07475175-F2F3-4AF5-B85D-AB0D53F77D27}.Release|Mixed Platforms.ActiveCfg = Release|Any CPU
		{07475175-F2F3-4AF5-B85D-AB0D53F77D27}.Release|Mixed Platforms.Build.0 = Release|Any CPU
		{07475175-F2F3-4AF5-B85D-AB0D53F77D27}.Release|x86.ActiveCfg = Release|Any CPU
		{7F0785C6-0292-4B31-A260-E3B582ECC3CD}.Debug|Any CPU.ActiveCfg = Debug|Any CPU
		{7F0785C6-0292-4B31-A260-E3B582ECC3CD}.Debug|Any CPU.Build.0 = Debug|Any CPU
		{7F0785C6-0292-4B31-A260-E3B582ECC3CD}.Debug|Mixed Platforms.ActiveCfg = Debug|Any CPU
		{7F0785C6-0292-4B31-A260-E3B582ECC3CD}.Debug|Mixed Platforms.Build.0 = Debug|Any CPU
		{7F0785C6-0292-4B31-A260-E3B582ECC3CD}.Debug|x86.ActiveCfg = Debug|Any CPU
		{7F0785C6-0292-4B31-A260-E3B582ECC3CD}.Release|Any CPU.ActiveCfg = Release|Any CPU
		{7F0785C6-0292-4B31-A260-E3B582ECC3CD}.Release|Any CPU.Build.0 = Release|Any CPU
		{7F0785C6-0292-4B31-A260-E3B582ECC3CD}.Release|Mixed Platforms.ActiveCfg = Release|Any CPU
		{7F0785C6-0292-4B31-A260-E3B582ECC3CD}.Release|Mixed Platforms.Build.0 = Release|Any CPU
		{7F0785C6-0292-4B31-A260-E3B582ECC3CD}.Release|x86.ActiveCfg = Release|Any CPU
	EndGlobalSection
	GlobalSection(SolutionProperties) = preSolution
		HideSolutionNode = FALSE
	EndGlobalSection
	GlobalSection(NestedProjects) = preSolution
		{8DA8DA12-B183-4038-A983-BB1C32705925} = {E345C677-6D0F-4197-953A-A12AB1FFC48E}
		{5B5BA21C-223B-409F-8291-87368BD5E5E6} = {E345C677-6D0F-4197-953A-A12AB1FFC48E}
		{4690F71C-79B4-4636-92A7-5FB39D7253B5} = {E345C677-6D0F-4197-953A-A12AB1FFC48E}
		{E2C7979E-1174-485F-84B7-ECE829F02A49} = {D753BA55-26AD-41B9-8855-19D5E8792E0D}
		{25CC6679-901C-4A9D-85E1-C24B5E19C3FE} = {D753BA55-26AD-41B9-8855-19D5E8792E0D}
		{A6D753CF-5679-4EF2-A8F4-6B17E66EBC5B} = {D753BA55-26AD-41B9-8855-19D5E8792E0D}
		{8F8EAA8F-A19E-4027-AEBB-CFF52872A78D} = {D753BA55-26AD-41B9-8855-19D5E8792E0D}
		{D03FD7DB-3886-4D57-A01D-2F01C6CFE02C} = {D4D0F3A6-C74F-4E52-90B4-CB8D0D85ABFD}
		{E00E85D4-6EB7-4FF9-A91D-E6FD5E8B0199} = {D4D0F3A6-C74F-4E52-90B4-CB8D0D85ABFD}
		{D960283C-5D48-4899-BDED-067B22B64993} = {E2C7979E-1174-485F-84B7-ECE829F02A49}
		{F9173D72-BF33-437A-A5C0-DBD01D07AA25} = {E2C7979E-1174-485F-84B7-ECE829F02A49}
		{D8B61F1C-7406-4D75-8DEB-016BEFDE1B02} = {25CC6679-901C-4A9D-85E1-C24B5E19C3FE}
		{598A6D14-BCAB-49FC-A84F-DC33A9B76444} = {25CC6679-901C-4A9D-85E1-C24B5E19C3FE}
		{44B60792-2324-49FF-8694-68C807DBFE97} = {25CC6679-901C-4A9D-85E1-C24B5E19C3FE}
		{34D0DBA3-314F-4633-8AC6-0F0E0068E1DD} = {72D58911-A87D-481B-9549-75303C18F6EC}
		{CBA0E56D-09A5-4648-A11A-99055C7C5A79} = {72D58911-A87D-481B-9549-75303C18F6EC}
		{06E1C01C-07B3-44CC-8522-6964910E16AA} = {72D58911-A87D-481B-9549-75303C18F6EC}
		{68A113B0-B977-4259-BC47-5FADBBFC698C} = {72D58911-A87D-481B-9549-75303C18F6EC}
		{E7CD4618-0295-4FCA-AC60-96F6B23741CF} = {A6D753CF-5679-4EF2-A8F4-6B17E66EBC5B}
		{40A5B6E0-A3A3-4AB5-80D9-8E3D79E2E9A3} = {A6D753CF-5679-4EF2-A8F4-6B17E66EBC5B}
		{53967E52-66F1-4F77-8685-E0ADADF7A213} = {A6D753CF-5679-4EF2-A8F4-6B17E66EBC5B}
		{B9F18899-9F6E-4844-B37E-E7D7874B02A3} = {A6D753CF-5679-4EF2-A8F4-6B17E66EBC5B}
		{5B0DA366-0659-4C61-9C80-8E7A5F0667A6} = {1F258412-0FFD-4336-84CF-34B057DA58E6}
		{410ADA43-BC90-4A11-BB9C-B9EB80707516} = {1F258412-0FFD-4336-84CF-34B057DA58E6}
		{451FEDE1-2C8A-4503-8F72-8BD793069D9F} = {1F258412-0FFD-4336-84CF-34B057DA58E6}
		{C130A273-D177-444F-AC0C-13E5E88EC38F} = {8F8EAA8F-A19E-4027-AEBB-CFF52872A78D}
		{07475175-F2F3-4AF5-B85D-AB0D53F77D27} = {8F8EAA8F-A19E-4027-AEBB-CFF52872A78D}
		{7F0785C6-0292-4B31-A260-E3B582ECC3CD} = {8F8EAA8F-A19E-4027-AEBB-CFF52872A78D}
	EndGlobalSection
EndGlobal
