
Microsoft Visual Studio Solution File, Format Version 11.00
# Visual Studio 2010
Project("{FAE04EC0-301F-11D3-BF4B-00C04F79EFBC}") = "Vela.Common", "Common\Vela.Common\Vela.Common.csproj", "{D03FD7DB-3886-4D57-A01D-2F01C6CFE02C}"
EndProject
Project("{FAE04EC0-301F-11D3-BF4B-00C04F79EFBC}") = "Vela.Common.UnitTests", "Common\Vela.Common.UnitTests\Vela.Common.UnitTests.csproj", "{D960283C-5D48-4899-BDED-067B22B64993}"
EndProject
Global
	GlobalSection(SolutionConfigurationPlatforms) = preSolution
		Debug|Any CPU = Debug|Any CPU
		Release|Any CPU = Release|Any CPU
	EndGlobalSection
	GlobalSection(ProjectConfigurationPlatforms) = postSolution
		{D03FD7DB-3886-4D57-A01D-2F01C6CFE02C}.Debug|Any CPU.ActiveCfg = Debug|Any CPU
		{D03FD7DB-3886-4D57-A01D-2F01C6CFE02C}.Debug|Any CPU.Build.0 = Debug|Any CPU
		{D03FD7DB-3886-4D57-A01D-2F01C6CFE02C}.Release|Any CPU.ActiveCfg = Release|Any CPU
		{D03FD7DB-3886-4D57-A01D-2F01C6CFE02C}.Release|Any CPU.Build.0 = Release|Any CPU
		{D960283C-5D48-4899-BDED-067B22B64993}.Debug|Any CPU.ActiveCfg = Debug|Any CPU
		{D960283C-5D48-4899-BDED-067B22B64993}.Debug|Any CPU.Build.0 = Debug|Any CPU
		{D960283C-5D48-4899-BDED-067B22B64993}.Release|Any CPU.ActiveCfg = Release|Any CPU
		{D960283C-5D48-4899-BDED-067B22B64993}.Release|Any CPU.Build.0 = Release|Any CPU
	EndGlobalSection
	GlobalSection(SolutionProperties) = preSolution
		HideSolutionNode = FALSE
	EndGlobalSection
EndGlobal
